// !$*UTF8*$!
{
	archiveVersion = 1;
	classes = {
	};
	objectVersion = 46;
	objects = {

/* Begin PBXBuildFile section */
		04DE58FE1D717D88003F44F1 /* main.m in Sources */ = {isa = PBXBuildFile; fileRef = 04DE58FD1D717D88003F44F1 /* main.m */; };
		04DE59011D717D88003F44F1 /* AppDelegate.m in Sources */ = {isa = PBXBuildFile; fileRef = 04DE59001D717D88003F44F1 /* AppDelegate.m */; };
		04DE59091D717D88003F44F1 /* Assets.xcassets in Resources */ = {isa = PBXBuildFile; fileRef = 04DE59081D717D88003F44F1 /* Assets.xcassets */; };
		04DE59171D717D88003F44F1 /* BSBDJTests.m in Sources */ = {isa = PBXBuildFile; fileRef = 04DE59161D717D88003F44F1 /* BSBDJTests.m */; };
		04DE59221D717D88003F44F1 /* BSBDJUITests.m in Sources */ = {isa = PBXBuildFile; fileRef = 04DE59211D717D88003F44F1 /* BSBDJUITests.m */; };
		04DE59311D717E46003F44F1 /* BSTabBarViewController.m in Sources */ = {isa = PBXBuildFile; fileRef = 04DE59301D717E46003F44F1 /* BSTabBarViewController.m */; };
		04DE59341D718C6E003F44F1 /* BSEssenceViewController.m in Sources */ = {isa = PBXBuildFile; fileRef = 04DE59331D718C6E003F44F1 /* BSEssenceViewController.m */; };
		04DE59371D718C93003F44F1 /* BSFriendTrendsViewController.m in Sources */ = {isa = PBXBuildFile; fileRef = 04DE59361D718C93003F44F1 /* BSFriendTrendsViewController.m */; };
		04DE593A1D718CAB003F44F1 /* BSMeViewController.m in Sources */ = {isa = PBXBuildFile; fileRef = 04DE59391D718CAB003F44F1 /* BSMeViewController.m */; };
		04DE593D1D718CB2003F44F1 /* BSNewViewController.m in Sources */ = {isa = PBXBuildFile; fileRef = 04DE593C1D718CB2003F44F1 /* BSNewViewController.m */; };
		04DE59401D718CD9003F44F1 /* BSPublishViewController.m in Sources */ = {isa = PBXBuildFile; fileRef = 04DE593F1D718CD9003F44F1 /* BSPublishViewController.m */; };
		04DE59441D719867003F44F1 /* UIView+SFFrame.m in Sources */ = {isa = PBXBuildFile; fileRef = 04DE59431D719867003F44F1 /* UIView+SFFrame.m */; };
		04DE59471D71CCDA003F44F1 /* BSTabBar.m in Sources */ = {isa = PBXBuildFile; fileRef = 04DE59461D71CCDA003F44F1 /* BSTabBar.m */; };
		04DE594A1D727F0B003F44F1 /* UIBarButtonItem+SFExtension.m in Sources */ = {isa = PBXBuildFile; fileRef = 04DE59491D727F0B003F44F1 /* UIBarButtonItem+SFExtension.m */; };
/* End PBXBuildFile section */

/* Begin PBXContainerItemProxy section */
		04DE59131D717D88003F44F1 /* PBXContainerItemProxy */ = {
			isa = PBXContainerItemProxy;
			containerPortal = 04DE58F11D717D87003F44F1 /* Project object */;
			proxyType = 1;
			remoteGlobalIDString = 04DE58F81D717D87003F44F1;
			remoteInfo = BSBDJ;
		};
		04DE591E1D717D88003F44F1 /* PBXContainerItemProxy */ = {
			isa = PBXContainerItemProxy;
			containerPortal = 04DE58F11D717D87003F44F1 /* Project object */;
			proxyType = 1;
			remoteGlobalIDString = 04DE58F81D717D87003F44F1;
			remoteInfo = BSBDJ;
		};
/* End PBXContainerItemProxy section */

/* Begin PBXFileReference section */
		04DE58F91D717D87003F44F1 /* BSBDJ.app */ = {isa = PBXFileReference; explicitFileType = wrapper.application; includeInIndex = 0; path = BSBDJ.app; sourceTree = BUILT_PRODUCTS_DIR; };
		04DE58FD1D717D88003F44F1 /* main.m */ = {isa = PBXFileReference; lastKnownFileType = sourcecode.c.objc; path = main.m; sourceTree = "<group>"; };
		04DE58FF1D717D88003F44F1 /* AppDelegate.h */ = {isa = PBXFileReference; lastKnownFileType = sourcecode.c.h; path = AppDelegate.h; sourceTree = "<group>"; };
		04DE59001D717D88003F44F1 /* AppDelegate.m */ = {isa = PBXFileReference; lastKnownFileType = sourcecode.c.objc; path = AppDelegate.m; sourceTree = "<group>"; };
		04DE59081D717D88003F44F1 /* Assets.xcassets */ = {isa = PBXFileReference; lastKnownFileType = folder.assetcatalog; path = Assets.xcassets; sourceTree = "<group>"; };
		04DE590D1D717D88003F44F1 /* Info.plist */ = {isa = PBXFileReference; lastKnownFileType = text.plist.xml; path = Info.plist; sourceTree = "<group>"; };
		04DE59121D717D88003F44F1 /* BSBDJTests.xctest */ = {isa = PBXFileReference; explicitFileType = wrapper.cfbundle; includeInIndex = 0; path = BSBDJTests.xctest; sourceTree = BUILT_PRODUCTS_DIR; };
		04DE59161D717D88003F44F1 /* BSBDJTests.m */ = {isa = PBXFileReference; lastKnownFileType = sourcecode.c.objc; path = BSBDJTests.m; sourceTree = "<group>"; };
		04DE59181D717D88003F44F1 /* Info.plist */ = {isa = PBXFileReference; lastKnownFileType = text.plist.xml; path = Info.plist; sourceTree = "<group>"; };
		04DE591D1D717D88003F44F1 /* BSBDJUITests.xctest */ = {isa = PBXFileReference; explicitFileType = wrapper.cfbundle; includeInIndex = 0; path = BSBDJUITests.xctest; sourceTree = BUILT_PRODUCTS_DIR; };
		04DE59211D717D88003F44F1 /* BSBDJUITests.m */ = {isa = PBXFileReference; lastKnownFileType = sourcecode.c.objc; path = BSBDJUITests.m; sourceTree = "<group>"; };
		04DE59231D717D88003F44F1 /* Info.plist */ = {isa = PBXFileReference; lastKnownFileType = text.plist.xml; path = Info.plist; sourceTree = "<group>"; };
		04DE592F1D717E46003F44F1 /* BSTabBarViewController.h */ = {isa = PBXFileReference; fileEncoding = 4; lastKnownFileType = sourcecode.c.h; path = BSTabBarViewController.h; sourceTree = "<group>"; };
		04DE59301D717E46003F44F1 /* BSTabBarViewController.m */ = {isa = PBXFileReference; fileEncoding = 4; lastKnownFileType = sourcecode.c.objc; path = BSTabBarViewController.m; sourceTree = "<group>"; };
		04DE59321D718C6E003F44F1 /* BSEssenceViewController.h */ = {isa = PBXFileReference; fileEncoding = 4; lastKnownFileType = sourcecode.c.h; path = BSEssenceViewController.h; sourceTree = "<group>"; };
		04DE59331D718C6E003F44F1 /* BSEssenceViewController.m */ = {isa = PBXFileReference; fileEncoding = 4; lastKnownFileType = sourcecode.c.objc; path = BSEssenceViewController.m; sourceTree = "<group>"; };
		04DE59351D718C93003F44F1 /* BSFriendTrendsViewController.h */ = {isa = PBXFileReference; fileEncoding = 4; lastKnownFileType = sourcecode.c.h; path = BSFriendTrendsViewController.h; sourceTree = "<group>"; };
		04DE59361D718C93003F44F1 /* BSFriendTrendsViewController.m */ = {isa = PBXFileReference; fileEncoding = 4; lastKnownFileType = sourcecode.c.objc; path = BSFriendTrendsViewController.m; sourceTree = "<group>"; };
		04DE59381D718CAB003F44F1 /* BSMeViewController.h */ = {isa = PBXFileReference; fileEncoding = 4; lastKnownFileType = sourcecode.c.h; path = BSMeViewController.h; sourceTree = "<group>"; };
		04DE59391D718CAB003F44F1 /* BSMeViewController.m */ = {isa = PBXFileReference; fileEncoding = 4; lastKnownFileType = sourcecode.c.objc; path = BSMeViewController.m; sourceTree = "<group>"; };
		04DE593B1D718CB2003F44F1 /* BSNewViewController.h */ = {isa = PBXFileReference; fileEncoding = 4; lastKnownFileType = sourcecode.c.h; path = BSNewViewController.h; sourceTree = "<group>"; };
		04DE593C1D718CB2003F44F1 /* BSNewViewController.m */ = {isa = PBXFileReference; fileEncoding = 4; lastKnownFileType = sourcecode.c.objc; path = BSNewViewController.m; sourceTree = "<group>"; };
		04DE593E1D718CD9003F44F1 /* BSPublishViewController.h */ = {isa = PBXFileReference; fileEncoding = 4; lastKnownFileType = sourcecode.c.h; path = BSPublishViewController.h; sourceTree = "<group>"; };
		04DE593F1D718CD9003F44F1 /* BSPublishViewController.m */ = {isa = PBXFileReference; fileEncoding = 4; lastKnownFileType = sourcecode.c.objc; path = BSPublishViewController.m; sourceTree = "<group>"; };
		04DE59411D7197CB003F44F1 /* BSBDJ.pch */ = {isa = PBXFileReference; lastKnownFileType = sourcecode.c.h; path = BSBDJ.pch; sourceTree = "<group>"; };
		04DE59421D719867003F44F1 /* UIView+SFFrame.h */ = {isa = PBXFileReference; fileEncoding = 4; lastKnownFileType = sourcecode.c.h; path = "UIView+SFFrame.h"; sourceTree = "<group>"; };
		04DE59431D719867003F44F1 /* UIView+SFFrame.m */ = {isa = PBXFileReference; fileEncoding = 4; lastKnownFileType = sourcecode.c.objc; path = "UIView+SFFrame.m"; sourceTree = "<group>"; };
		04DE59451D71CCDA003F44F1 /* BSTabBar.h */ = {isa = PBXFileReference; fileEncoding = 4; lastKnownFileType = sourcecode.c.h; path = BSTabBar.h; sourceTree = "<group>"; };
		04DE59461D71CCDA003F44F1 /* BSTabBar.m */ = {isa = PBXFileReference; fileEncoding = 4; lastKnownFileType = sourcecode.c.objc; path = BSTabBar.m; sourceTree = "<group>"; };
		04DE59481D727F0B003F44F1 /* UIBarButtonItem+SFExtension.h */ = {isa = PBXFileReference; fileEncoding = 4; lastKnownFileType = sourcecode.c.h; path = "UIBarButtonItem+SFExtension.h"; sourceTree = "<group>"; };
		04DE59491D727F0B003F44F1 /* UIBarButtonItem+SFExtension.m */ = {isa = PBXFileReference; fileEncoding = 4; lastKnownFileType = sourcecode.c.objc; path = "UIBarButtonItem+SFExtension.m"; sourceTree = "<group>"; };
/* End PBXFileReference section */

/* Begin PBXFrameworksBuildPhase section */
		04DE58F61D717D87003F44F1 /* Frameworks */ = {
			isa = PBXFrameworksBuildPhase;
			buildActionMask = 2147483647;
			files = (
			);
			runOnlyForDeploymentPostprocessing = 0;
		};
		04DE590F1D717D88003F44F1 /* Frameworks */ = {
			isa = PBXFrameworksBuildPhase;
			buildActionMask = 2147483647;
			files = (
			);
			runOnlyForDeploymentPostprocessing = 0;
		};
		04DE591A1D717D88003F44F1 /* Frameworks */ = {
			isa = PBXFrameworksBuildPhase;
			buildActionMask = 2147483647;
			files = (
			);
			runOnlyForDeploymentPostprocessing = 0;
		};
/* End PBXFrameworksBuildPhase section */

/* Begin PBXGroup section */
		04DE58F01D717D87003F44F1 = {
			isa = PBXGroup;
			children = (
				04DE58FB1D717D87003F44F1 /* BSBDJ */,
				04DE59151D717D88003F44F1 /* BSBDJTests */,
				04DE59201D717D88003F44F1 /* BSBDJUITests */,
				04DE58FA1D717D87003F44F1 /* Products */,
			);
			sourceTree = "<group>";
		};
		04DE58FA1D717D87003F44F1 /* Products */ = {
			isa = PBXGroup;
			children = (
				04DE58F91D717D87003F44F1 /* BSBDJ.app */,
				04DE59121D717D88003F44F1 /* BSBDJTests.xctest */,
				04DE591D1D717D88003F44F1 /* BSBDJUITests.xctest */,
			);
			name = Products;
			sourceTree = "<group>";
		};
		04DE58FB1D717D87003F44F1 /* BSBDJ */ = {
			isa = PBXGroup;
			children = (
				04DE58FF1D717D88003F44F1 /* AppDelegate.h */,
				04DE59001D717D88003F44F1 /* AppDelegate.m */,
				04DE592F1D717E46003F44F1 /* BSTabBarViewController.h */,
				04DE59301D717E46003F44F1 /* BSTabBarViewController.m */,
				04DE59451D71CCDA003F44F1 /* BSTabBar.h */,
				04DE59461D71CCDA003F44F1 /* BSTabBar.m */,
				04DE59351D718C93003F44F1 /* BSFriendTrendsViewController.h */,
				04DE59361D718C93003F44F1 /* BSFriendTrendsViewController.m */,
				04DE59381D718CAB003F44F1 /* BSMeViewController.h */,
				04DE59391D718CAB003F44F1 /* BSMeViewController.m */,
				04DE593B1D718CB2003F44F1 /* BSNewViewController.h */,
				04DE593C1D718CB2003F44F1 /* BSNewViewController.m */,
				04DE593E1D718CD9003F44F1 /* BSPublishViewController.h */,
				04DE593F1D718CD9003F44F1 /* BSPublishViewController.m */,
				04DE59321D718C6E003F44F1 /* BSEssenceViewController.h */,
				04DE59331D718C6E003F44F1 /* BSEssenceViewController.m */,
				04DE58FC1D717D88003F44F1 /* Supporting Files */,
			);
			path = BSBDJ;
			sourceTree = "<group>";
		};
		04DE58FC1D717D88003F44F1 /* Supporting Files */ = {
			isa = PBXGroup;
			children = (
				04DE59081D717D88003F44F1 /* Assets.xcassets */,
				04DE590D1D717D88003F44F1 /* Info.plist */,
				04DE58FD1D717D88003F44F1 /* main.m */,
				04DE59481D727F0B003F44F1 /* UIBarButtonItem+SFExtension.h */,
				04DE59491D727F0B003F44F1 /* UIBarButtonItem+SFExtension.m */,
				04DE59421D719867003F44F1 /* UIView+SFFrame.h */,
				04DE59431D719867003F44F1 /* UIView+SFFrame.m */,
				04DE59411D7197CB003F44F1 /* BSBDJ.pch */,
			);
			name = "Supporting Files";
			sourceTree = "<group>";
		};
		04DE59151D717D88003F44F1 /* BSBDJTests */ = {
			isa = PBXGroup;
			children = (
				04DE59161D717D88003F44F1 /* BSBDJTests.m */,
				04DE59181D717D88003F44F1 /* Info.plist */,
			);
			path = BSBDJTests;
			sourceTree = "<group>";
		};
		04DE59201D717D88003F44F1 /* BSBDJUITests */ = {
			isa = PBXGroup;
			children = (
				04DE59211D717D88003F44F1 /* BSBDJUITests.m */,
				04DE59231D717D88003F44F1 /* Info.plist */,
			);
			path = BSBDJUITests;
			sourceTree = "<group>";
		};
/* End PBXGroup section */

/* Begin PBXNativeTarget section */
		04DE58F81D717D87003F44F1 /* BSBDJ */ = {
			isa = PBXNativeTarget;
			buildConfigurationList = 04DE59261D717D88003F44F1 /* Build configuration list for PBXNativeTarget "BSBDJ" */;
			buildPhases = (
				04DE58F51D717D87003F44F1 /* Sources */,
				04DE58F61D717D87003F44F1 /* Frameworks */,
				04DE58F71D717D87003F44F1 /* Resources */,
			);
			buildRules = (
			);
			dependencies = (
			);
			name = BSBDJ;
			productName = BSBDJ;
			productReference = 04DE58F91D717D87003F44F1 /* BSBDJ.app */;
			productType = "com.apple.product-type.application";
		};
		04DE59111D717D88003F44F1 /* BSBDJTests */ = {
			isa = PBXNativeTarget;
			buildConfigurationList = 04DE59291D717D88003F44F1 /* Build configuration list for PBXNativeTarget "BSBDJTests" */;
			buildPhases = (
				04DE590E1D717D88003F44F1 /* Sources */,
				04DE590F1D717D88003F44F1 /* Frameworks */,
				04DE59101D717D88003F44F1 /* Resources */,
			);
			buildRules = (
			);
			dependencies = (
				04DE59141D717D88003F44F1 /* PBXTargetDependency */,
			);
			name = BSBDJTests;
			productName = BSBDJTests;
			productReference = 04DE59121D717D88003F44F1 /* BSBDJTests.xctest */;
			productType = "com.apple.product-type.bundle.unit-test";
		};
		04DE591C1D717D88003F44F1 /* BSBDJUITests */ = {
			isa = PBXNativeTarget;
			buildConfigurationList = 04DE592C1D717D88003F44F1 /* Build configuration list for PBXNativeTarget "BSBDJUITests" */;
			buildPhases = (
				04DE59191D717D88003F44F1 /* Sources */,
				04DE591A1D717D88003F44F1 /* Frameworks */,
				04DE591B1D717D88003F44F1 /* Resources */,
			);
			buildRules = (
			);
			dependencies = (
				04DE591F1D717D88003F44F1 /* PBXTargetDependency */,
			);
			name = BSBDJUITests;
			productName = BSBDJUITests;
			productReference = 04DE591D1D717D88003F44F1 /* BSBDJUITests.xctest */;
			productType = "com.apple.product-type.bundle.ui-testing";
		};
/* End PBXNativeTarget section */

/* Begin PBXProject section */
		04DE58F11D717D87003F44F1 /* Project object */ = {
			isa = PBXProject;
			attributes = {
				CLASSPREFIX = BS;
				LastUpgradeCheck = 0730;
				ORGANIZATIONNAME = shifei;
				TargetAttributes = {
					04DE58F81D717D87003F44F1 = {
						CreatedOnToolsVersion = 7.3.1;
					};
					04DE59111D717D88003F44F1 = {
						CreatedOnToolsVersion = 7.3.1;
						TestTargetID = 04DE58F81D717D87003F44F1;
					};
					04DE591C1D717D88003F44F1 = {
						CreatedOnToolsVersion = 7.3.1;
						TestTargetID = 04DE58F81D717D87003F44F1;
					};
				};
			};
			buildConfigurationList = 04DE58F41D717D87003F44F1 /* Build configuration list for PBXProject "BSBDJ" */;
			compatibilityVersion = "Xcode 3.2";
			developmentRegion = English;
			hasScannedForEncodings = 0;
			knownRegions = (
				en,
				Base,
			);
			mainGroup = 04DE58F01D717D87003F44F1;
			productRefGroup = 04DE58FA1D717D87003F44F1 /* Products */;
			projectDirPath = "";
			projectRoot = "";
			targets = (
				04DE58F81D717D87003F44F1 /* BSBDJ */,
				04DE59111D717D88003F44F1 /* BSBDJTests */,
				04DE591C1D717D88003F44F1 /* BSBDJUITests */,
			);
		};
/* End PBXProject section */

/* Begin PBXResourcesBuildPhase section */
		04DE58F71D717D87003F44F1 /* Resources */ = {
			isa = PBXResourcesBuildPhase;
			buildActionMask = 2147483647;
			files = (
				04DE59091D717D88003F44F1 /* Assets.xcassets in Resources */,
			);
			runOnlyForDeploymentPostprocessing = 0;
		};
		04DE59101D717D88003F44F1 /* Resources */ = {
			isa = PBXResourcesBuildPhase;
			buildActionMask = 2147483647;
			files = (
			);
			runOnlyForDeploymentPostprocessing = 0;
		};
		04DE591B1D717D88003F44F1 /* Resources */ = {
			isa = PBXResourcesBuildPhase;
			buildActionMask = 2147483647;
			files = (
			);
			runOnlyForDeploymentPostprocessing = 0;
		};
/* End PBXResourcesBuildPhase section */

/* Begin PBXSourcesBuildPhase section */
		04DE58F51D717D87003F44F1 /* Sources */ = {
			isa = PBXSourcesBuildPhase;
			buildActionMask = 2147483647;
			files = (
				04DE59311D717E46003F44F1 /* BSTabBarViewController.m in Sources */,
				04DE59011D717D88003F44F1 /* AppDelegate.m in Sources */,
				04DE594A1D727F0B003F44F1 /* UIBarButtonItem+SFExtension.m in Sources */,
				04DE593D1D718CB2003F44F1 /* BSNewViewController.m in Sources */,
				04DE59441D719867003F44F1 /* UIView+SFFrame.m in Sources */,
				04DE59371D718C93003F44F1 /* BSFriendTrendsViewController.m in Sources */,
				04DE59341D718C6E003F44F1 /* BSEssenceViewController.m in Sources */,
				04DE58FE1D717D88003F44F1 /* main.m in Sources */,
				04DE593A1D718CAB003F44F1 /* BSMeViewController.m in Sources */,
				04DE59471D71CCDA003F44F1 /* BSTabBar.m in Sources */,
				04DE59401D718CD9003F44F1 /* BSPublishViewController.m in Sources */,
			);
			runOnlyForDeploymentPostprocessing = 0;
		};
		04DE590E1D717D88003F44F1 /* Sources */ = {
			isa = PBXSourcesBuildPhase;
			buildActionMask = 2147483647;
			files = (
				04DE59171D717D88003F44F1 /* BSBDJTests.m in Sources */,
			);
			runOnlyForDeploymentPostprocessing = 0;
		};
		04DE59191D717D88003F44F1 /* Sources */ = {
			isa = PBXSourcesBuildPhase;
			buildActionMask = 2147483647;
			files = (
				04DE59221D717D88003F44F1 /* BSBDJUITests.m in Sources */,
			);
			runOnlyForDeploymentPostprocessing = 0;
		};
/* End PBXSourcesBuildPhase section */

/* Begin PBXTargetDependency section */
		04DE59141D717D88003F44F1 /* PBXTargetDependency */ = {
			isa = PBXTargetDependency;
			target = 04DE58F81D717D87003F44F1 /* BSBDJ */;
			targetProxy = 04DE59131D717D88003F44F1 /* PBXContainerItemProxy */;
		};
		04DE591F1D717D88003F44F1 /* PBXTargetDependency */ = {
			isa = PBXTargetDependency;
			target = 04DE58F81D717D87003F44F1 /* BSBDJ */;
			targetProxy = 04DE591E1D717D88003F44F1 /* PBXContainerItemProxy */;
		};
/* End PBXTargetDependency section */

/* Begin XCBuildConfiguration section */
		04DE59241D717D88003F44F1 /* Debug */ = {
			isa = XCBuildConfiguration;
			buildSettings = {
				ALWAYS_SEARCH_USER_PATHS = NO;
				CLANG_ANALYZER_NONNULL = YES;
				CLANG_CXX_LANGUAGE_STANDARD = "gnu++0x";
				CLANG_CXX_LIBRARY = "libc++";
				CLANG_ENABLE_MODULES = YES;
				CLANG_ENABLE_OBJC_ARC = YES;
				CLANG_WARN_BOOL_CONVERSION = YES;
				CLANG_WARN_CONSTANT_CONVERSION = YES;
				CLANG_WARN_DIRECT_OBJC_ISA_USAGE = YES_ERROR;
				CLANG_WARN_EMPTY_BODY = YES;
				CLANG_WARN_ENUM_CONVERSION = YES;
				CLANG_WARN_INT_CONVERSION = YES;
				CLANG_WARN_OBJC_ROOT_CLASS = YES_ERROR;
				CLANG_WARN_UNREACHABLE_CODE = YES;
				CLANG_WARN__DUPLICATE_METHOD_MATCH = YES;
				"CODE_SIGN_IDENTITY[sdk=iphoneos*]" = "iPhone Developer";
				COPY_PHASE_STRIP = NO;
				DEBUG_INFORMATION_FORMAT = dwarf;
				ENABLE_STRICT_OBJC_MSGSEND = YES;
				ENABLE_TESTABILITY = YES;
				GCC_C_LANGUAGE_STANDARD = gnu99;
				GCC_DYNAMIC_NO_PIC = NO;
				GCC_NO_COMMON_BLOCKS = YES;
				GCC_OPTIMIZATION_LEVEL = 0;
				GCC_PREPROCESSOR_DEFINITIONS = (
					"DEBUG=1",
					"$(inherited)",
				);
				GCC_WARN_64_TO_32_BIT_CONVERSION = YES;
				GCC_WARN_ABOUT_RETURN_TYPE = YES_ERROR;
				GCC_WARN_UNDECLARED_SELECTOR = YES;
				GCC_WARN_UNINITIALIZED_AUTOS = YES_AGGRESSIVE;
				GCC_WARN_UNUSED_FUNCTION = YES;
				GCC_WARN_UNUSED_VARIABLE = YES;
				IPHONEOS_DEPLOYMENT_TARGET = 9.3;
				MTL_ENABLE_DEBUG_INFO = YES;
				ONLY_ACTIVE_ARCH = YES;
				SDKROOT = iphoneos;
			};
			name = Debug;
		};
		04DE59251D717D88003F44F1 /* Release */ = {
			isa = XCBuildConfiguration;
			buildSettings = {
				ALWAYS_SEARCH_USER_PATHS = NO;
				CLANG_ANALYZER_NONNULL = YES;
				CLANG_CXX_LANGUAGE_STANDARD = "gnu++0x";
				CLANG_CXX_LIBRARY = "libc++";
				CLANG_ENABLE_MODULES = YES;
				CLANG_ENABLE_OBJC_ARC = YES;
				CLANG_WARN_BOOL_CONVERSION = YES;
				CLANG_WARN_CONSTANT_CONVERSION = YES;
				CLANG_WARN_DIRECT_OBJC_ISA_USAGE = YES_ERROR;
				CLANG_WARN_EMPTY_BODY = YES;
				CLANG_WARN_ENUM_CONVERSION = YES;
				CLANG_WARN_INT_CONVERSION = YES;
				CLANG_WARN_OBJC_ROOT_CLASS = YES_ERROR;
				CLANG_WARN_UNREACHABLE_CODE = YES;
				CLANG_WARN__DUPLICATE_METHOD_MATCH = YES;
				"CODE_SIGN_IDENTITY[sdk=iphoneos*]" = "iPhone Developer";
				COPY_PHASE_STRIP = NO;
				DEBUG_INFORMATION_FORMAT = "dwarf-with-dsym";
				ENABLE_NS_ASSERTIONS = NO;
				ENABLE_STRICT_OBJC_MSGSEND = YES;
				GCC_C_LANGUAGE_STANDARD = gnu99;
				GCC_NO_COMMON_BLOCKS = YES;
				GCC_WARN_64_TO_32_BIT_CONVERSION = YES;
				GCC_WARN_ABOUT_RETURN_TYPE = YES_ERROR;
				GCC_WARN_UNDECLARED_SELECTOR = YES;
				GCC_WARN_UNINITIALIZED_AUTOS = YES_AGGRESSIVE;
				GCC_WARN_UNUSED_FUNCTION = YES;
				GCC_WARN_UNUSED_VARIABLE = YES;
				IPHONEOS_DEPLOYMENT_TARGET = 9.3;
				MTL_ENABLE_DEBUG_INFO = NO;
				SDKROOT = iphoneos;
				VALIDATE_PRODUCT = YES;
			};
			name = Release;
		};
		04DE59271D717D88003F44F1 /* Debug */ = {
			isa = XCBuildConfiguration;
			buildSettings = {
				ASSETCATALOG_COMPILER_APPICON_NAME = AppIcon;
				ASSETCATALOG_COMPILER_LAUNCHIMAGE_NAME = "Brand Assets";
				GCC_PRECOMPILE_PREFIX_HEADER = YES;
				GCC_PREFIX_HEADER = BSBDJ/BSBDJ.pch;
				INFOPLIST_FILE = BSBDJ/Info.plist;
				LD_RUNPATH_SEARCH_PATHS = "$(inherited) @executable_path/Frameworks";
				PRODUCT_BUNDLE_IDENTIFIER = com.bjsxt.BSBDJ;
				PRODUCT_NAME = "$(TARGET_NAME)";
			};
			name = Debug;
		};
		04DE59281D717D88003F44F1 /* Release */ = {
			isa = XCBuildConfiguration;
			buildSettings = {
				ASSETCATALOG_COMPILER_APPICON_NAME = AppIcon;
				ASSETCATALOG_COMPILER_LAUNCHIMAGE_NAME = "Brand Assets";
				GCC_PRECOMPILE_PREFIX_HEADER = YES;
				GCC_PREFIX_HEADER = BSBDJ/BSBDJ.pch;
				INFOPLIST_FILE = BSBDJ/Info.plist;
				LD_RUNPATH_SEARCH_PATHS = "$(inherited) @executable_path/Frameworks";
				PRODUCT_BUNDLE_IDENTIFIER = com.bjsxt.BSBDJ;
				PRODUCT_NAME = "$(TARGET_NAME)";
			};
			name = Release;
		};
		04DE592A1D717D88003F44F1 /* Debug */ = {
			isa = XCBuildConfiguration;
			buildSettings = {
				BUNDLE_LOADER = "$(TEST_HOST)";
				INFOPLIST_FILE = BSBDJTests/Info.plist;
				LD_RUNPATH_SEARCH_PATHS = "$(inherited) @executable_path/Frameworks @loader_path/Frameworks";
				PRODUCT_BUNDLE_IDENTIFIER = com.bjsxt.BSBDJTests;
				PRODUCT_NAME = "$(TARGET_NAME)";
				TEST_HOST = "$(BUILT_PRODUCTS_DIR)/BSBDJ.app/BSBDJ";
			};
			name = Debug;
		};
		04DE592B1D717D88003F44F1 /* Release */ = {
			isa = XCBuildConfiguration;
			buildSettings = {
				BUNDLE_LOADER = "$(TEST_HOST)";
				INFOPLIST_FILE = BSBDJTests/Info.plist;
				LD_RUNPATH_SEARCH_PATHS = "$(inherited) @executable_path/Frameworks @loader_path/Frameworks";
				PRODUCT_BUNDLE_IDENTIFIER = com.bjsxt.BSBDJTests;
				PRODUCT_NAME = "$(TARGET_NAME)";
				TEST_HOST = "$(BUILT_PRODUCTS_DIR)/BSBDJ.app/BSBDJ";
			};
			name = Release;
		};
		04DE592D1D717D88003F44F1 /* Debug */ = {
			isa = XCBuildConfiguration;
			buildSettings = {
				INFOPLIST_FILE = BSBDJUITests/Info.plist;
				LD_RUNPATH_SEARCH_PATHS = "$(inherited) @executable_path/Frameworks @loader_path/Frameworks";
				PRODUCT_BUNDLE_IDENTIFIER = com.bjsxt.BSBDJUITests;
				PRODUCT_NAME = "$(TARGET_NAME)";
				TEST_TARGET_NAME = BSBDJ;
			};
			name = Debug;
		};
		04DE592E1D717D88003F44F1 /* Release */ = {
			isa = XCBuildConfiguration;
			buildSettings = {
				INFOPLIST_FILE = BSBDJUITests/Info.plist;
				LD_RUNPATH_SEARCH_PATHS = "$(inherited) @executable_path/Frameworks @loader_path/Frameworks";
				PRODUCT_BUNDLE_IDENTIFIER = com.bjsxt.BSBDJUITests;
				PRODUCT_NAME = "$(TARGET_NAME)";
				TEST_TARGET_NAME = BSBDJ;
			};
			name = Release;
		};
/* End XCBuildConfiguration section */

/* Begin XCConfigurationList section */
		04DE58F41D717D87003F44F1 /* Build configuration list for PBXProject "BSBDJ" */ = {
			isa = XCConfigurationList;
			buildConfigurations = (
				04DE59241D717D88003F44F1 /* Debug */,
				04DE59251D717D88003F44F1 /* Release */,
			);
			defaultConfigurationIsVisible = 0;
			defaultConfigurationName = Release;
		};
		04DE59261D717D88003F44F1 /* Build configuration list for PBXNativeTarget "BSBDJ" */ = {
			isa = XCConfigurationList;
			buildConfigurations = (
				04DE59271D717D88003F44F1 /* Debug */,
				04DE59281D717D88003F44F1 /* Release */,
			);
			defaultConfigurationIsVisible = 0;
			defaultConfigurationName = Release;
		};
		04DE59291D717D88003F44F1 /* Build configuration list for PBXNativeTarget "BSBDJTests" */ = {
			isa = XCConfigurationList;
			buildConfigurations = (
				04DE592A1D717D88003F44F1 /* Debug */,
				04DE592B1D717D88003F44F1 /* Release */,
			);
			defaultConfigurationIsVisible = 0;
			defaultConfigurationName = Release;
		};
		04DE592C1D717D88003F44F1 /* Build configuration list for PBXNativeTarget "BSBDJUITests" */ = {
			isa = XCConfigurationList;
			buildConfigurations = (
				04DE592D1D717D88003F44F1 /* Debug */,
				04DE592E1D717D88003F44F1 /* Release */,
			);
			defaultConfigurationIsVisible = 0;
			defaultConfigurationName = Release;
		};
/* End XCConfigurationList section */
	};
	rootObject = 04DE58F11D717D87003F44F1 /* Project object */;
}
