// !$*UTF8*$!
{
	archiveVersion = 1;
	classes = {
	};
	objectVersion = 46;
	objects = {

/* Begin PBXBuildFile section */
		04DE58FE1D717D88003F44F1 /* main.m in Sources */ = {isa = PBXBuildFile; fileRef = 04DE58FD1D717D88003F44F1 /* main.m */; };
		04DE59011D717D88003F44F1 /* AppDelegate.m in Sources */ = {isa = PBXBuildFile; fileRef = 04DE59001D717D88003F44F1 /* AppDelegate.m */; };
		04DE59091D717D88003F44F1 /* Assets.xcassets in Resources */ = {isa = PBXBuildFile; fileRef = 04DE59081D717D88003F44F1 /* Assets.xcassets */; };
		04DE59171D717D88003F44F1 /* BSBDJTests.m in Sources */ = {isa = PBXBuildFile; fileRef = 04DE59161D717D88003F44F1 /* BSBDJTests.m */; };
		04DE59221D717D88003F44F1 /* BSBDJUITests.m in Sources */ = {isa = PBXBuildFile; fileRef = 04DE59211D717D88003F44F1 /* BSBDJUITests.m */; };
		04DE59BE1D729318003F44F1 /* BSEssenceViewController.m in Sources */ = {isa = PBXBuildFile; fileRef = 04DE59951D729318003F44F1 /* BSEssenceViewController.m */; };
		04DE59BF1D729318003F44F1 /* BSFriendTrendsViewController.m in Sources */ = {isa = PBXBuildFile; fileRef = 04DE599B1D729318003F44F1 /* BSFriendTrendsViewController.m */; };
		04DE59C01D729318003F44F1 /* BSTabBarViewController.m in Sources */ = {isa = PBXBuildFile; fileRef = 04DE59A11D729318003F44F1 /* BSTabBarViewController.m */; };
		04DE59C11D729318003F44F1 /* BSTabBar.m in Sources */ = {isa = PBXBuildFile; fileRef = 04DE59A51D729318003F44F1 /* BSTabBar.m */; };
		04DE59C21D729318003F44F1 /* BSMeViewController.m in Sources */ = {isa = PBXBuildFile; fileRef = 04DE59A91D729318003F44F1 /* BSMeViewController.m */; };
		04DE59C31D729318003F44F1 /* BSNewViewController.m in Sources */ = {isa = PBXBuildFile; fileRef = 04DE59AF1D729318003F44F1 /* BSNewViewController.m */; };
		04DE59C41D729318003F44F1 /* UIBarButtonItem+SFExtension.m in Sources */ = {isa = PBXBuildFile; fileRef = 04DE59B51D729318003F44F1 /* UIBarButtonItem+SFExtension.m */; };
		04DE59C51D729318003F44F1 /* UIView+SFFrame.m in Sources */ = {isa = PBXBuildFile; fileRef = 04DE59B71D729318003F44F1 /* UIView+SFFrame.m */; };
		04DE59C61D729318003F44F1 /* BSPublishViewController.m in Sources */ = {isa = PBXBuildFile; fileRef = 04DE59BB1D729318003F44F1 /* BSPublishViewController.m */; };
		04DE59C91D729465003F44F1 /* BSNavViewController.m in Sources */ = {isa = PBXBuildFile; fileRef = 04DE59C81D729465003F44F1 /* BSNavViewController.m */; };
		04DE59CB1D7294C2003F44F1 /* BSFriendTrendsViewController.xib in Resources */ = {isa = PBXBuildFile; fileRef = 04DE59CA1D7294C2003F44F1 /* BSFriendTrendsViewController.xib */; };
		04DE59E81D72AB6C003F44F1 /* SFBaseViewController.m in Sources */ = {isa = PBXBuildFile; fileRef = 04DE59DF1D72AB6C003F44F1 /* SFBaseViewController.m */; };
		04DE59E91D72AB6C003F44F1 /* SFHttpTools.m in Sources */ = {isa = PBXBuildFile; fileRef = 04DE59E11D72AB6C003F44F1 /* SFHttpTools.m */; };
		04DE59EA1D72AB6C003F44F1 /* UIImageView+SFSDWebImage.m in Sources */ = {isa = PBXBuildFile; fileRef = 04DE59E41D72AB6C003F44F1 /* UIImageView+SFSDWebImage.m */; };
		04DE59EB1D72AB6C003F44F1 /* UIView+Toast.m in Sources */ = {isa = PBXBuildFile; fileRef = 04DE59E71D72AB6C003F44F1 /* UIView+Toast.m */; };
		04DE59F21D72BBA7003F44F1 /* BSRecommendController.m in Sources */ = {isa = PBXBuildFile; fileRef = 04DE59F11D72BBA7003F44F1 /* BSRecommendController.m */; };
		04DE59F41D72C706003F44F1 /* Foundation+Log.m in Sources */ = {isa = PBXBuildFile; fileRef = 04DE59F31D72C706003F44F1 /* Foundation+Log.m */; };
		04DE59F71D72C79A003F44F1 /* BSRecommendItem.m in Sources */ = {isa = PBXBuildFile; fileRef = 04DE59F61D72C799003F44F1 /* BSRecommendItem.m */; };
		04DE59F91D72C857003F44F1 /* BSRecommendController.xib in Resources */ = {isa = PBXBuildFile; fileRef = 04DE59F81D72C857003F44F1 /* BSRecommendController.xib */; };
		04DE59FD1D732F1F003F44F1 /* BSCategoryCell.m in Sources */ = {isa = PBXBuildFile; fileRef = 04DE59FB1D732F1F003F44F1 /* BSCategoryCell.m */; };
		04DE59FE1D732F1F003F44F1 /* BSCategoryCell.xib in Resources */ = {isa = PBXBuildFile; fileRef = 04DE59FC1D732F1F003F44F1 /* BSCategoryCell.xib */; };
		04DE5A051D73D13F003F44F1 /* BSUserTableViewCell.m in Sources */ = {isa = PBXBuildFile; fileRef = 04DE5A031D73D13F003F44F1 /* BSUserTableViewCell.m */; };
		04DE5A061D73D13F003F44F1 /* BSUserTableViewCell.xib in Resources */ = {isa = PBXBuildFile; fileRef = 04DE5A041D73D13F003F44F1 /* BSUserTableViewCell.xib */; };
		04DE5A091D73D413003F44F1 /* BSUserItem.m in Sources */ = {isa = PBXBuildFile; fileRef = 04DE5A081D73D413003F44F1 /* BSUserItem.m */; };
		04DE5A0C1D745B77003F44F1 /* BSEssenceAllController.m in Sources */ = {isa = PBXBuildFile; fileRef = 04DE5A0B1D745B77003F44F1 /* BSEssenceAllController.m */; };
		04DE5A0F1D745B96003F44F1 /* BSEssenceVideoController.m in Sources */ = {isa = PBXBuildFile; fileRef = 04DE5A0E1D745B96003F44F1 /* BSEssenceVideoController.m */; };
		04DE5A121D745BAE003F44F1 /* BSEssenceImageController.m in Sources */ = {isa = PBXBuildFile; fileRef = 04DE5A111D745BAE003F44F1 /* BSEssenceImageController.m */; };
		04DE5A151D745CE5003F44F1 /* BSEssenceVoiceController.m in Sources */ = {isa = PBXBuildFile; fileRef = 04DE5A141D745CE5003F44F1 /* BSEssenceVoiceController.m */; };
		04DE5A181D747146003F44F1 /* BSEssenceWordController.m in Sources */ = {isa = PBXBuildFile; fileRef = 04DE5A171D747146003F44F1 /* BSEssenceWordController.m */; };
		2722BA435B0AEA7DD11AE684 /* libPods-BSBDJ.a in Frameworks */ = {isa = PBXBuildFile; fileRef = 004E09233A5DAE173D8B842E /* libPods-BSBDJ.a */; };
		8168248E2A17A526BB674846 /* libPods-BSBDJTests.a in Frameworks */ = {isa = PBXBuildFile; fileRef = F32B21C0CE377F202E3B587D /* libPods-BSBDJTests.a */; };
		ACC03D0E917F598E892EDB20 /* libPods-BSBDJUITests.a in Frameworks */ = {isa = PBXBuildFile; fileRef = F4167B69518EF5DC6BA4FC45 /* libPods-BSBDJUITests.a */; };
/* End PBXBuildFile section */

/* Begin PBXContainerItemProxy section */
		04DE59131D717D88003F44F1 /* PBXContainerItemProxy */ = {
			isa = PBXContainerItemProxy;
			containerPortal = 04DE58F11D717D87003F44F1 /* Project object */;
			proxyType = 1;
			remoteGlobalIDString = 04DE58F81D717D87003F44F1;
			remoteInfo = BSBDJ;
		};
		04DE591E1D717D88003F44F1 /* PBXContainerItemProxy */ = {
			isa = PBXContainerItemProxy;
			containerPortal = 04DE58F11D717D87003F44F1 /* Project object */;
			proxyType = 1;
			remoteGlobalIDString = 04DE58F81D717D87003F44F1;
			remoteInfo = BSBDJ;
		};
/* End PBXContainerItemProxy section */

/* Begin PBXFileReference section */
		004E09233A5DAE173D8B842E /* libPods-BSBDJ.a */ = {isa = PBXFileReference; explicitFileType = archive.ar; includeInIndex = 0; path = "libPods-BSBDJ.a"; sourceTree = BUILT_PRODUCTS_DIR; };
		04DE58F91D717D87003F44F1 /* BSBDJ.app */ = {isa = PBXFileReference; explicitFileType = wrapper.application; includeInIndex = 0; path = BSBDJ.app; sourceTree = BUILT_PRODUCTS_DIR; };
		04DE58FD1D717D88003F44F1 /* main.m */ = {isa = PBXFileReference; lastKnownFileType = sourcecode.c.objc; path = main.m; sourceTree = "<group>"; };
		04DE58FF1D717D88003F44F1 /* AppDelegate.h */ = {isa = PBXFileReference; lastKnownFileType = sourcecode.c.h; path = AppDelegate.h; sourceTree = "<group>"; };
		04DE59001D717D88003F44F1 /* AppDelegate.m */ = {isa = PBXFileReference; lastKnownFileType = sourcecode.c.objc; path = AppDelegate.m; sourceTree = "<group>"; };
		04DE59081D717D88003F44F1 /* Assets.xcassets */ = {isa = PBXFileReference; lastKnownFileType = folder.assetcatalog; path = Assets.xcassets; sourceTree = "<group>"; };
		04DE590D1D717D88003F44F1 /* Info.plist */ = {isa = PBXFileReference; lastKnownFileType = text.plist.xml; path = Info.plist; sourceTree = "<group>"; };
		04DE59121D717D88003F44F1 /* BSBDJTests.xctest */ = {isa = PBXFileReference; explicitFileType = wrapper.cfbundle; includeInIndex = 0; path = BSBDJTests.xctest; sourceTree = BUILT_PRODUCTS_DIR; };
		04DE59161D717D88003F44F1 /* BSBDJTests.m */ = {isa = PBXFileReference; lastKnownFileType = sourcecode.c.objc; path = BSBDJTests.m; sourceTree = "<group>"; };
		04DE59181D717D88003F44F1 /* Info.plist */ = {isa = PBXFileReference; lastKnownFileType = text.plist.xml; path = Info.plist; sourceTree = "<group>"; };
		04DE591D1D717D88003F44F1 /* BSBDJUITests.xctest */ = {isa = PBXFileReference; explicitFileType = wrapper.cfbundle; includeInIndex = 0; path = BSBDJUITests.xctest; sourceTree = BUILT_PRODUCTS_DIR; };
		04DE59211D717D88003F44F1 /* BSBDJUITests.m */ = {isa = PBXFileReference; lastKnownFileType = sourcecode.c.objc; path = BSBDJUITests.m; sourceTree = "<group>"; };
		04DE59231D717D88003F44F1 /* Info.plist */ = {isa = PBXFileReference; lastKnownFileType = text.plist.xml; path = Info.plist; sourceTree = "<group>"; };
		04DE59411D7197CB003F44F1 /* BSBDJ.pch */ = {isa = PBXFileReference; lastKnownFileType = sourcecode.c.h; path = BSBDJ.pch; sourceTree = "<group>"; };
		04DE59941D729318003F44F1 /* BSEssenceViewController.h */ = {isa = PBXFileReference; fileEncoding = 4; lastKnownFileType = sourcecode.c.h; path = BSEssenceViewController.h; sourceTree = "<group>"; };
		04DE59951D729318003F44F1 /* BSEssenceViewController.m */ = {isa = PBXFileReference; fileEncoding = 4; lastKnownFileType = sourcecode.c.objc; path = BSEssenceViewController.m; sourceTree = "<group>"; };
		04DE599A1D729318003F44F1 /* BSFriendTrendsViewController.h */ = {isa = PBXFileReference; fileEncoding = 4; lastKnownFileType = sourcecode.c.h; path = BSFriendTrendsViewController.h; sourceTree = "<group>"; };
		04DE599B1D729318003F44F1 /* BSFriendTrendsViewController.m */ = {isa = PBXFileReference; fileEncoding = 4; lastKnownFileType = sourcecode.c.objc; path = BSFriendTrendsViewController.m; sourceTree = "<group>"; };
		04DE59A01D729318003F44F1 /* BSTabBarViewController.h */ = {isa = PBXFileReference; fileEncoding = 4; lastKnownFileType = sourcecode.c.h; path = BSTabBarViewController.h; sourceTree = "<group>"; };
		04DE59A11D729318003F44F1 /* BSTabBarViewController.m */ = {isa = PBXFileReference; fileEncoding = 4; lastKnownFileType = sourcecode.c.objc; path = BSTabBarViewController.m; sourceTree = "<group>"; };
		04DE59A41D729318003F44F1 /* BSTabBar.h */ = {isa = PBXFileReference; fileEncoding = 4; lastKnownFileType = sourcecode.c.h; path = BSTabBar.h; sourceTree = "<group>"; };
		04DE59A51D729318003F44F1 /* BSTabBar.m */ = {isa = PBXFileReference; fileEncoding = 4; lastKnownFileType = sourcecode.c.objc; path = BSTabBar.m; sourceTree = "<group>"; };
		04DE59A81D729318003F44F1 /* BSMeViewController.h */ = {isa = PBXFileReference; fileEncoding = 4; lastKnownFileType = sourcecode.c.h; path = BSMeViewController.h; sourceTree = "<group>"; };
		04DE59A91D729318003F44F1 /* BSMeViewController.m */ = {isa = PBXFileReference; fileEncoding = 4; lastKnownFileType = sourcecode.c.objc; path = BSMeViewController.m; sourceTree = "<group>"; };
		04DE59AE1D729318003F44F1 /* BSNewViewController.h */ = {isa = PBXFileReference; fileEncoding = 4; lastKnownFileType = sourcecode.c.h; path = BSNewViewController.h; sourceTree = "<group>"; };
		04DE59AF1D729318003F44F1 /* BSNewViewController.m */ = {isa = PBXFileReference; fileEncoding = 4; lastKnownFileType = sourcecode.c.objc; path = BSNewViewController.m; sourceTree = "<group>"; };
		04DE59B41D729318003F44F1 /* UIBarButtonItem+SFExtension.h */ = {isa = PBXFileReference; fileEncoding = 4; lastKnownFileType = sourcecode.c.h; path = "UIBarButtonItem+SFExtension.h"; sourceTree = "<group>"; };
		04DE59B51D729318003F44F1 /* UIBarButtonItem+SFExtension.m */ = {isa = PBXFileReference; fileEncoding = 4; lastKnownFileType = sourcecode.c.objc; path = "UIBarButtonItem+SFExtension.m"; sourceTree = "<group>"; };
		04DE59B61D729318003F44F1 /* UIView+SFFrame.h */ = {isa = PBXFileReference; fileEncoding = 4; lastKnownFileType = sourcecode.c.h; path = "UIView+SFFrame.h"; sourceTree = "<group>"; };
		04DE59B71D729318003F44F1 /* UIView+SFFrame.m */ = {isa = PBXFileReference; fileEncoding = 4; lastKnownFileType = sourcecode.c.objc; path = "UIView+SFFrame.m"; sourceTree = "<group>"; };
		04DE59BA1D729318003F44F1 /* BSPublishViewController.h */ = {isa = PBXFileReference; fileEncoding = 4; lastKnownFileType = sourcecode.c.h; path = BSPublishViewController.h; sourceTree = "<group>"; };
		04DE59BB1D729318003F44F1 /* BSPublishViewController.m */ = {isa = PBXFileReference; fileEncoding = 4; lastKnownFileType = sourcecode.c.objc; path = BSPublishViewController.m; sourceTree = "<group>"; };
		04DE59C71D729465003F44F1 /* BSNavViewController.h */ = {isa = PBXFileReference; fileEncoding = 4; lastKnownFileType = sourcecode.c.h; path = BSNavViewController.h; sourceTree = "<group>"; };
		04DE59C81D729465003F44F1 /* BSNavViewController.m */ = {isa = PBXFileReference; fileEncoding = 4; lastKnownFileType = sourcecode.c.objc; path = BSNavViewController.m; sourceTree = "<group>"; };
		04DE59CA1D7294C2003F44F1 /* BSFriendTrendsViewController.xib */ = {isa = PBXFileReference; fileEncoding = 4; lastKnownFileType = file.xib; path = BSFriendTrendsViewController.xib; sourceTree = "<group>"; };
		04DE59DE1D72AB6C003F44F1 /* SFBaseViewController.h */ = {isa = PBXFileReference; fileEncoding = 4; lastKnownFileType = sourcecode.c.h; path = SFBaseViewController.h; sourceTree = "<group>"; };
		04DE59DF1D72AB6C003F44F1 /* SFBaseViewController.m */ = {isa = PBXFileReference; fileEncoding = 4; lastKnownFileType = sourcecode.c.objc; path = SFBaseViewController.m; sourceTree = "<group>"; };
		04DE59E01D72AB6C003F44F1 /* SFHttpTools.h */ = {isa = PBXFileReference; fileEncoding = 4; lastKnownFileType = sourcecode.c.h; path = SFHttpTools.h; sourceTree = "<group>"; };
		04DE59E11D72AB6C003F44F1 /* SFHttpTools.m */ = {isa = PBXFileReference; fileEncoding = 4; lastKnownFileType = sourcecode.c.objc; path = SFHttpTools.m; sourceTree = "<group>"; };
		04DE59E31D72AB6C003F44F1 /* UIImageView+SFSDWebImage.h */ = {isa = PBXFileReference; fileEncoding = 4; lastKnownFileType = sourcecode.c.h; path = "UIImageView+SFSDWebImage.h"; sourceTree = "<group>"; };
		04DE59E41D72AB6C003F44F1 /* UIImageView+SFSDWebImage.m */ = {isa = PBXFileReference; fileEncoding = 4; lastKnownFileType = sourcecode.c.objc; path = "UIImageView+SFSDWebImage.m"; sourceTree = "<group>"; };
		04DE59E61D72AB6C003F44F1 /* UIView+Toast.h */ = {isa = PBXFileReference; fileEncoding = 4; lastKnownFileType = sourcecode.c.h; path = "UIView+Toast.h"; sourceTree = "<group>"; };
		04DE59E71D72AB6C003F44F1 /* UIView+Toast.m */ = {isa = PBXFileReference; fileEncoding = 4; lastKnownFileType = sourcecode.c.objc; path = "UIView+Toast.m"; sourceTree = "<group>"; };
		04DE59F01D72BBA7003F44F1 /* BSRecommendController.h */ = {isa = PBXFileReference; fileEncoding = 4; lastKnownFileType = sourcecode.c.h; path = BSRecommendController.h; sourceTree = "<group>"; };
		04DE59F11D72BBA7003F44F1 /* BSRecommendController.m */ = {isa = PBXFileReference; fileEncoding = 4; lastKnownFileType = sourcecode.c.objc; path = BSRecommendController.m; sourceTree = "<group>"; };
		04DE59F31D72C706003F44F1 /* Foundation+Log.m */ = {isa = PBXFileReference; fileEncoding = 4; lastKnownFileType = sourcecode.c.objc; path = "Foundation+Log.m"; sourceTree = "<group>"; };
		04DE59F51D72C799003F44F1 /* BSRecommendItem.h */ = {isa = PBXFileReference; fileEncoding = 4; lastKnownFileType = sourcecode.c.h; path = BSRecommendItem.h; sourceTree = "<group>"; };
		04DE59F61D72C799003F44F1 /* BSRecommendItem.m */ = {isa = PBXFileReference; fileEncoding = 4; lastKnownFileType = sourcecode.c.objc; path = BSRecommendItem.m; sourceTree = "<group>"; };
		04DE59F81D72C857003F44F1 /* BSRecommendController.xib */ = {isa = PBXFileReference; fileEncoding = 4; lastKnownFileType = file.xib; path = BSRecommendController.xib; sourceTree = "<group>"; };
		04DE59FA1D732F1F003F44F1 /* BSCategoryCell.h */ = {isa = PBXFileReference; fileEncoding = 4; lastKnownFileType = sourcecode.c.h; path = BSCategoryCell.h; sourceTree = "<group>"; };
		04DE59FB1D732F1F003F44F1 /* BSCategoryCell.m */ = {isa = PBXFileReference; fileEncoding = 4; lastKnownFileType = sourcecode.c.objc; path = BSCategoryCell.m; sourceTree = "<group>"; };
		04DE59FC1D732F1F003F44F1 /* BSCategoryCell.xib */ = {isa = PBXFileReference; fileEncoding = 4; lastKnownFileType = file.xib; path = BSCategoryCell.xib; sourceTree = "<group>"; };
		04DE5A021D73D13F003F44F1 /* BSUserTableViewCell.h */ = {isa = PBXFileReference; fileEncoding = 4; lastKnownFileType = sourcecode.c.h; path = BSUserTableViewCell.h; sourceTree = "<group>"; };
		04DE5A031D73D13F003F44F1 /* BSUserTableViewCell.m */ = {isa = PBXFileReference; fileEncoding = 4; lastKnownFileType = sourcecode.c.objc; path = BSUserTableViewCell.m; sourceTree = "<group>"; };
		04DE5A041D73D13F003F44F1 /* BSUserTableViewCell.xib */ = {isa = PBXFileReference; fileEncoding = 4; lastKnownFileType = file.xib; path = BSUserTableViewCell.xib; sourceTree = "<group>"; };
		04DE5A071D73D413003F44F1 /* BSUserItem.h */ = {isa = PBXFileReference; fileEncoding = 4; lastKnownFileType = sourcecode.c.h; path = BSUserItem.h; sourceTree = "<group>"; };
		04DE5A081D73D413003F44F1 /* BSUserItem.m */ = {isa = PBXFileReference; fileEncoding = 4; lastKnownFileType = sourcecode.c.objc; path = BSUserItem.m; sourceTree = "<group>"; };
		04DE5A0A1D745B76003F44F1 /* BSEssenceAllController.h */ = {isa = PBXFileReference; fileEncoding = 4; lastKnownFileType = sourcecode.c.h; path = BSEssenceAllController.h; sourceTree = "<group>"; };
		04DE5A0B1D745B77003F44F1 /* BSEssenceAllController.m */ = {isa = PBXFileReference; fileEncoding = 4; lastKnownFileType = sourcecode.c.objc; path = BSEssenceAllController.m; sourceTree = "<group>"; };
		04DE5A0D1D745B96003F44F1 /* BSEssenceVideoController.h */ = {isa = PBXFileReference; fileEncoding = 4; lastKnownFileType = sourcecode.c.h; path = BSEssenceVideoController.h; sourceTree = "<group>"; };
		04DE5A0E1D745B96003F44F1 /* BSEssenceVideoController.m */ = {isa = PBXFileReference; fileEncoding = 4; lastKnownFileType = sourcecode.c.objc; path = BSEssenceVideoController.m; sourceTree = "<group>"; };
		04DE5A101D745BAE003F44F1 /* BSEssenceImageController.h */ = {isa = PBXFileReference; fileEncoding = 4; lastKnownFileType = sourcecode.c.h; path = BSEssenceImageController.h; sourceTree = "<group>"; };
		04DE5A111D745BAE003F44F1 /* BSEssenceImageController.m */ = {isa = PBXFileReference; fileEncoding = 4; lastKnownFileType = sourcecode.c.objc; path = BSEssenceImageController.m; sourceTree = "<group>"; };
		04DE5A131D745CE5003F44F1 /* BSEssenceVoiceController.h */ = {isa = PBXFileReference; fileEncoding = 4; lastKnownFileType = sourcecode.c.h; path = BSEssenceVoiceController.h; sourceTree = "<group>"; };
		04DE5A141D745CE5003F44F1 /* BSEssenceVoiceController.m */ = {isa = PBXFileReference; fileEncoding = 4; lastKnownFileType = sourcecode.c.objc; path = BSEssenceVoiceController.m; sourceTree = "<group>"; };
		04DE5A161D747146003F44F1 /* BSEssenceWordController.h */ = {isa = PBXFileReference; fileEncoding = 4; lastKnownFileType = sourcecode.c.h; path = BSEssenceWordController.h; sourceTree = "<group>"; };
		04DE5A171D747146003F44F1 /* BSEssenceWordController.m */ = {isa = PBXFileReference; fileEncoding = 4; lastKnownFileType = sourcecode.c.objc; path = BSEssenceWordController.m; sourceTree = "<group>"; };
		49901D1BDFAE4102B4D89356 /* Pods-BSBDJTests.debug.xcconfig */ = {isa = PBXFileReference; includeInIndex = 1; lastKnownFileType = text.xcconfig; name = "Pods-BSBDJTests.debug.xcconfig"; path = "Pods/Target Support Files/Pods-BSBDJTests/Pods-BSBDJTests.debug.xcconfig"; sourceTree = "<group>"; };
		5B4A4EFA5EDCD863F84F0A48 /* Pods-BSBDJTests.release.xcconfig */ = {isa = PBXFileReference; includeInIndex = 1; lastKnownFileType = text.xcconfig; name = "Pods-BSBDJTests.release.xcconfig"; path = "Pods/Target Support Files/Pods-BSBDJTests/Pods-BSBDJTests.release.xcconfig"; sourceTree = "<group>"; };
		9B26A2CD35684E8FBDA9F16F /* Pods-BSBDJ.debug.xcconfig */ = {isa = PBXFileReference; includeInIndex = 1; lastKnownFileType = text.xcconfig; name = "Pods-BSBDJ.debug.xcconfig"; path = "Pods/Target Support Files/Pods-BSBDJ/Pods-BSBDJ.debug.xcconfig"; sourceTree = "<group>"; };
		AF0B2AEFB4CC1964A8D9A3A7 /* Pods-BSBDJUITests.debug.xcconfig */ = {isa = PBXFileReference; includeInIndex = 1; lastKnownFileType = text.xcconfig; name = "Pods-BSBDJUITests.debug.xcconfig"; path = "Pods/Target Support Files/Pods-BSBDJUITests/Pods-BSBDJUITests.debug.xcconfig"; sourceTree = "<group>"; };
		B42A52FF9ADB031A417F71FD /* Pods-BSBDJ.release.xcconfig */ = {isa = PBXFileReference; includeInIndex = 1; lastKnownFileType = text.xcconfig; name = "Pods-BSBDJ.release.xcconfig"; path = "Pods/Target Support Files/Pods-BSBDJ/Pods-BSBDJ.release.xcconfig"; sourceTree = "<group>"; };
		F2C3404ED68EC12182DBB1AB /* Pods-BSBDJUITests.release.xcconfig */ = {isa = PBXFileReference; includeInIndex = 1; lastKnownFileType = text.xcconfig; name = "Pods-BSBDJUITests.release.xcconfig"; path = "Pods/Target Support Files/Pods-BSBDJUITests/Pods-BSBDJUITests.release.xcconfig"; sourceTree = "<group>"; };
		F32B21C0CE377F202E3B587D /* libPods-BSBDJTests.a */ = {isa = PBXFileReference; explicitFileType = archive.ar; includeInIndex = 0; path = "libPods-BSBDJTests.a"; sourceTree = BUILT_PRODUCTS_DIR; };
		F4167B69518EF5DC6BA4FC45 /* libPods-BSBDJUITests.a */ = {isa = PBXFileReference; explicitFileType = archive.ar; includeInIndex = 0; path = "libPods-BSBDJUITests.a"; sourceTree = BUILT_PRODUCTS_DIR; };
/* End PBXFileReference section */

/* Begin PBXFrameworksBuildPhase section */
		04DE58F61D717D87003F44F1 /* Frameworks */ = {
			isa = PBXFrameworksBuildPhase;
			buildActionMask = 2147483647;
			files = (
				2722BA435B0AEA7DD11AE684 /* libPods-BSBDJ.a in Frameworks */,
			);
			runOnlyForDeploymentPostprocessing = 0;
		};
		04DE590F1D717D88003F44F1 /* Frameworks */ = {
			isa = PBXFrameworksBuildPhase;
			buildActionMask = 2147483647;
			files = (
				8168248E2A17A526BB674846 /* libPods-BSBDJTests.a in Frameworks */,
			);
			runOnlyForDeploymentPostprocessing = 0;
		};
		04DE591A1D717D88003F44F1 /* Frameworks */ = {
			isa = PBXFrameworksBuildPhase;
			buildActionMask = 2147483647;
			files = (
				ACC03D0E917F598E892EDB20 /* libPods-BSBDJUITests.a in Frameworks */,
			);
			runOnlyForDeploymentPostprocessing = 0;
		};
/* End PBXFrameworksBuildPhase section */

/* Begin PBXGroup section */
		04DE58F01D717D87003F44F1 = {
			isa = PBXGroup;
			children = (
				04DE58FB1D717D87003F44F1 /* BSBDJ */,
				04DE59151D717D88003F44F1 /* BSBDJTests */,
				04DE59201D717D88003F44F1 /* BSBDJUITests */,
				04DE58FA1D717D87003F44F1 /* Products */,
				15B18D55E6412105DC934539 /* Pods */,
				BB29BD214CE45893A547F97A /* Frameworks */,
			);
			sourceTree = "<group>";
		};
		04DE58FA1D717D87003F44F1 /* Products */ = {
			isa = PBXGroup;
			children = (
				04DE58F91D717D87003F44F1 /* BSBDJ.app */,
				04DE59121D717D88003F44F1 /* BSBDJTests.xctest */,
				04DE591D1D717D88003F44F1 /* BSBDJUITests.xctest */,
			);
			name = Products;
			sourceTree = "<group>";
		};
		04DE58FB1D717D87003F44F1 /* BSBDJ */ = {
			isa = PBXGroup;
			children = (
				04DE58FF1D717D88003F44F1 /* AppDelegate.h */,
				04DE59001D717D88003F44F1 /* AppDelegate.m */,
				04DE59411D7197CB003F44F1 /* BSBDJ.pch */,
				04DE59911D729318003F44F1 /* Classes */,
				04DE58FC1D717D88003F44F1 /* Supporting Files */,
			);
			path = BSBDJ;
			sourceTree = "<group>";
		};
		04DE58FC1D717D88003F44F1 /* Supporting Files */ = {
			isa = PBXGroup;
			children = (
				04DE59081D717D88003F44F1 /* Assets.xcassets */,
				04DE590D1D717D88003F44F1 /* Info.plist */,
				04DE58FD1D717D88003F44F1 /* main.m */,
			);
			name = "Supporting Files";
			sourceTree = "<group>";
		};
		04DE59151D717D88003F44F1 /* BSBDJTests */ = {
			isa = PBXGroup;
			children = (
				04DE59161D717D88003F44F1 /* BSBDJTests.m */,
				04DE59181D717D88003F44F1 /* Info.plist */,
			);
			path = BSBDJTests;
			sourceTree = "<group>";
		};
		04DE59201D717D88003F44F1 /* BSBDJUITests */ = {
			isa = PBXGroup;
			children = (
				04DE59211D717D88003F44F1 /* BSBDJUITests.m */,
				04DE59231D717D88003F44F1 /* Info.plist */,
			);
			path = BSBDJUITests;
			sourceTree = "<group>";
		};
		04DE59911D729318003F44F1 /* Classes */ = {
			isa = PBXGroup;
			children = (
				04DE59921D729318003F44F1 /* Essence(精华) */,
				04DE59AC1D729318003F44F1 /* New(最新) */,
				04DE59B81D729318003F44F1 /* Publish(发布) */,
				04DE59981D729318003F44F1 /* FrirendTrends(关注) */,
				04DE59A61D729318003F44F1 /* Me(我) */,
				04DE599E1D729318003F44F1 /* Main(主要) */,
				04DE59B21D729318003F44F1 /* Other(其他) */,
			);
			path = Classes;
			sourceTree = "<group>";
		};
		04DE59921D729318003F44F1 /* Essence(精华) */ = {
			isa = PBXGroup;
			children = (
				04DE59931D729318003F44F1 /* Controller */,
				04DE59961D729318003F44F1 /* Model */,
				04DE59971D729318003F44F1 /* View */,
			);
			path = "Essence(精华)";
			sourceTree = "<group>";
		};
		04DE59931D729318003F44F1 /* Controller */ = {
			isa = PBXGroup;
			children = (
				04DE59941D729318003F44F1 /* BSEssenceViewController.h */,
				04DE59951D729318003F44F1 /* BSEssenceViewController.m */,
				04DE5A0A1D745B76003F44F1 /* BSEssenceAllController.h */,
				04DE5A0B1D745B77003F44F1 /* BSEssenceAllController.m */,
				04DE5A0D1D745B96003F44F1 /* BSEssenceVideoController.h */,
				04DE5A0E1D745B96003F44F1 /* BSEssenceVideoController.m */,
				04DE5A101D745BAE003F44F1 /* BSEssenceImageController.h */,
				04DE5A111D745BAE003F44F1 /* BSEssenceImageController.m */,
				04DE5A161D747146003F44F1 /* BSEssenceWordController.h */,
				04DE5A171D747146003F44F1 /* BSEssenceWordController.m */,
				04DE5A131D745CE5003F44F1 /* BSEssenceVoiceController.h */,
				04DE5A141D745CE5003F44F1 /* BSEssenceVoiceController.m */,
			);
			path = Controller;
			sourceTree = "<group>";
		};
		04DE59961D729318003F44F1 /* Model */ = {
			isa = PBXGroup;
			children = (
			);
			path = Model;
			sourceTree = "<group>";
		};
		04DE59971D729318003F44F1 /* View */ = {
			isa = PBXGroup;
			children = (
			);
			path = View;
			sourceTree = "<group>";
		};
		04DE59981D729318003F44F1 /* FrirendTrends(关注) */ = {
			isa = PBXGroup;
			children = (
				04DE59EC1D72BB77003F44F1 /* Recommend(推荐关注) */,
				04DE59991D729318003F44F1 /* Controller */,
				04DE599C1D729318003F44F1 /* Model */,
				04DE599D1D729318003F44F1 /* View */,
			);
			path = "FrirendTrends(关注)";
			sourceTree = "<group>";
		};
		04DE59991D729318003F44F1 /* Controller */ = {
			isa = PBXGroup;
			children = (
				04DE599A1D729318003F44F1 /* BSFriendTrendsViewController.h */,
				04DE599B1D729318003F44F1 /* BSFriendTrendsViewController.m */,
				04DE59CA1D7294C2003F44F1 /* BSFriendTrendsViewController.xib */,
			);
			path = Controller;
			sourceTree = "<group>";
		};
		04DE599C1D729318003F44F1 /* Model */ = {
			isa = PBXGroup;
			children = (
			);
			path = Model;
			sourceTree = "<group>";
		};
		04DE599D1D729318003F44F1 /* View */ = {
			isa = PBXGroup;
			children = (
			);
			path = View;
			sourceTree = "<group>";
		};
		04DE599E1D729318003F44F1 /* Main(主要) */ = {
			isa = PBXGroup;
			children = (
				04DE599F1D729318003F44F1 /* Controller */,
				04DE59A21D729318003F44F1 /* Model */,
				04DE59A31D729318003F44F1 /* View */,
			);
			path = "Main(主要)";
			sourceTree = "<group>";
		};
		04DE599F1D729318003F44F1 /* Controller */ = {
			isa = PBXGroup;
			children = (
				04DE59A01D729318003F44F1 /* BSTabBarViewController.h */,
				04DE59A11D729318003F44F1 /* BSTabBarViewController.m */,
				04DE59C71D729465003F44F1 /* BSNavViewController.h */,
				04DE59C81D729465003F44F1 /* BSNavViewController.m */,
			);
			path = Controller;
			sourceTree = "<group>";
		};
		04DE59A21D729318003F44F1 /* Model */ = {
			isa = PBXGroup;
			children = (
			);
			path = Model;
			sourceTree = "<group>";
		};
		04DE59A31D729318003F44F1 /* View */ = {
			isa = PBXGroup;
			children = (
				04DE59A41D729318003F44F1 /* BSTabBar.h */,
				04DE59A51D729318003F44F1 /* BSTabBar.m */,
			);
			path = View;
			sourceTree = "<group>";
		};
		04DE59A61D729318003F44F1 /* Me(我) */ = {
			isa = PBXGroup;
			children = (
				04DE59A71D729318003F44F1 /* Controller */,
				04DE59AA1D729318003F44F1 /* Model */,
				04DE59AB1D729318003F44F1 /* View */,
			);
			path = "Me(我)";
			sourceTree = "<group>";
		};
		04DE59A71D729318003F44F1 /* Controller */ = {
			isa = PBXGroup;
			children = (
				04DE59A81D729318003F44F1 /* BSMeViewController.h */,
				04DE59A91D729318003F44F1 /* BSMeViewController.m */,
			);
			path = Controller;
			sourceTree = "<group>";
		};
		04DE59AA1D729318003F44F1 /* Model */ = {
			isa = PBXGroup;
			children = (
			);
			path = Model;
			sourceTree = "<group>";
		};
		04DE59AB1D729318003F44F1 /* View */ = {
			isa = PBXGroup;
			children = (
			);
			path = View;
			sourceTree = "<group>";
		};
		04DE59AC1D729318003F44F1 /* New(最新) */ = {
			isa = PBXGroup;
			children = (
				04DE59AD1D729318003F44F1 /* Controller */,
				04DE59B01D729318003F44F1 /* Model */,
				04DE59B11D729318003F44F1 /* View */,
			);
			path = "New(最新)";
			sourceTree = "<group>";
		};
		04DE59AD1D729318003F44F1 /* Controller */ = {
			isa = PBXGroup;
			children = (
				04DE59AE1D729318003F44F1 /* BSNewViewController.h */,
				04DE59AF1D729318003F44F1 /* BSNewViewController.m */,
			);
			path = Controller;
			sourceTree = "<group>";
		};
		04DE59B01D729318003F44F1 /* Model */ = {
			isa = PBXGroup;
			children = (
			);
			path = Model;
			sourceTree = "<group>";
		};
		04DE59B11D729318003F44F1 /* View */ = {
			isa = PBXGroup;
			children = (
			);
			path = View;
			sourceTree = "<group>";
		};
		04DE59B21D729318003F44F1 /* Other(其他) */ = {
			isa = PBXGroup;
			children = (
				04DE59B31D729318003F44F1 /* Category */,
				04DE59DC1D72AB6C003F44F1 /* Tools */,
				04DE59F31D72C706003F44F1 /* Foundation+Log.m */,
			);
			path = "Other(其他)";
			sourceTree = "<group>";
		};
		04DE59B31D729318003F44F1 /* Category */ = {
			isa = PBXGroup;
			children = (
				04DE59B41D729318003F44F1 /* UIBarButtonItem+SFExtension.h */,
				04DE59B51D729318003F44F1 /* UIBarButtonItem+SFExtension.m */,
				04DE59B61D729318003F44F1 /* UIView+SFFrame.h */,
				04DE59B71D729318003F44F1 /* UIView+SFFrame.m */,
			);
			path = Category;
			sourceTree = "<group>";
		};
		04DE59B81D729318003F44F1 /* Publish(发布) */ = {
			isa = PBXGroup;
			children = (
				04DE59B91D729318003F44F1 /* Controller */,
				04DE59BC1D729318003F44F1 /* Model */,
				04DE59BD1D729318003F44F1 /* View */,
			);
			path = "Publish(发布)";
			sourceTree = "<group>";
		};
		04DE59B91D729318003F44F1 /* Controller */ = {
			isa = PBXGroup;
			children = (
				04DE59BA1D729318003F44F1 /* BSPublishViewController.h */,
				04DE59BB1D729318003F44F1 /* BSPublishViewController.m */,
			);
			path = Controller;
			sourceTree = "<group>";
		};
		04DE59BC1D729318003F44F1 /* Model */ = {
			isa = PBXGroup;
			children = (
			);
			path = Model;
			sourceTree = "<group>";
		};
		04DE59BD1D729318003F44F1 /* View */ = {
			isa = PBXGroup;
			children = (
			);
			path = View;
			sourceTree = "<group>";
		};
		04DE59DC1D72AB6C003F44F1 /* Tools */ = {
			isa = PBXGroup;
			children = (
				04DE59DD1D72AB6C003F44F1 /* SecondAFNetworking */,
				04DE59E21D72AB6C003F44F1 /* SFSDWebImage */,
				04DE59E51D72AB6C003F44F1 /* Toast */,
			);
			path = Tools;
			sourceTree = "<group>";
		};
		04DE59DD1D72AB6C003F44F1 /* SecondAFNetworking */ = {
			isa = PBXGroup;
			children = (
				04DE59DE1D72AB6C003F44F1 /* SFBaseViewController.h */,
				04DE59DF1D72AB6C003F44F1 /* SFBaseViewController.m */,
				04DE59E01D72AB6C003F44F1 /* SFHttpTools.h */,
				04DE59E11D72AB6C003F44F1 /* SFHttpTools.m */,
			);
			path = SecondAFNetworking;
			sourceTree = "<group>";
		};
		04DE59E21D72AB6C003F44F1 /* SFSDWebImage */ = {
			isa = PBXGroup;
			children = (
				04DE59E31D72AB6C003F44F1 /* UIImageView+SFSDWebImage.h */,
				04DE59E41D72AB6C003F44F1 /* UIImageView+SFSDWebImage.m */,
			);
			path = SFSDWebImage;
			sourceTree = "<group>";
		};
		04DE59E51D72AB6C003F44F1 /* Toast */ = {
			isa = PBXGroup;
			children = (
				04DE59E61D72AB6C003F44F1 /* UIView+Toast.h */,
				04DE59E71D72AB6C003F44F1 /* UIView+Toast.m */,
			);
			path = Toast;
			sourceTree = "<group>";
		};
		04DE59EC1D72BB77003F44F1 /* Recommend(推荐关注) */ = {
			isa = PBXGroup;
			children = (
				04DE59ED1D72BB77003F44F1 /* Controller */,
				04DE59EE1D72BB77003F44F1 /* Model */,
				04DE59EF1D72BB77003F44F1 /* View */,
			);
			path = "Recommend(推荐关注)";
			sourceTree = "<group>";
		};
		04DE59ED1D72BB77003F44F1 /* Controller */ = {
			isa = PBXGroup;
			children = (
				04DE59F01D72BBA7003F44F1 /* BSRecommendController.h */,
				04DE59F11D72BBA7003F44F1 /* BSRecommendController.m */,
				04DE59F81D72C857003F44F1 /* BSRecommendController.xib */,
			);
			path = Controller;
			sourceTree = "<group>";
		};
		04DE59EE1D72BB77003F44F1 /* Model */ = {
			isa = PBXGroup;
			children = (
				04DE59F51D72C799003F44F1 /* BSRecommendItem.h */,
				04DE59F61D72C799003F44F1 /* BSRecommendItem.m */,
				04DE5A071D73D413003F44F1 /* BSUserItem.h */,
				04DE5A081D73D413003F44F1 /* BSUserItem.m */,
			);
			path = Model;
			sourceTree = "<group>";
		};
		04DE59EF1D72BB77003F44F1 /* View */ = {
			isa = PBXGroup;
			children = (
				04DE59FA1D732F1F003F44F1 /* BSCategoryCell.h */,
				04DE59FB1D732F1F003F44F1 /* BSCategoryCell.m */,
				04DE59FC1D732F1F003F44F1 /* BSCategoryCell.xib */,
				04DE5A021D73D13F003F44F1 /* BSUserTableViewCell.h */,
				04DE5A031D73D13F003F44F1 /* BSUserTableViewCell.m */,
				04DE5A041D73D13F003F44F1 /* BSUserTableViewCell.xib */,
			);
			path = View;
			sourceTree = "<group>";
		};
		15B18D55E6412105DC934539 /* Pods */ = {
			isa = PBXGroup;
			children = (
				9B26A2CD35684E8FBDA9F16F /* Pods-BSBDJ.debug.xcconfig */,
				B42A52FF9ADB031A417F71FD /* Pods-BSBDJ.release.xcconfig */,
				49901D1BDFAE4102B4D89356 /* Pods-BSBDJTests.debug.xcconfig */,
				5B4A4EFA5EDCD863F84F0A48 /* Pods-BSBDJTests.release.xcconfig */,
				AF0B2AEFB4CC1964A8D9A3A7 /* Pods-BSBDJUITests.debug.xcconfig */,
				F2C3404ED68EC12182DBB1AB /* Pods-BSBDJUITests.release.xcconfig */,
			);
			name = Pods;
			sourceTree = "<group>";
		};
		BB29BD214CE45893A547F97A /* Frameworks */ = {
			isa = PBXGroup;
			children = (
				004E09233A5DAE173D8B842E /* libPods-BSBDJ.a */,
				F32B21C0CE377F202E3B587D /* libPods-BSBDJTests.a */,
				F4167B69518EF5DC6BA4FC45 /* libPods-BSBDJUITests.a */,
			);
			name = Frameworks;
			sourceTree = "<group>";
		};
/* End PBXGroup section */

/* Begin PBXNativeTarget section */
		04DE58F81D717D87003F44F1 /* BSBDJ */ = {
			isa = PBXNativeTarget;
			buildConfigurationList = 04DE59261D717D88003F44F1 /* Build configuration list for PBXNativeTarget "BSBDJ" */;
			buildPhases = (
				A79915696DC4A7CFDF6AA709 /* [CP] Check Pods Manifest.lock */,
				04DE58F51D717D87003F44F1 /* Sources */,
				04DE58F61D717D87003F44F1 /* Frameworks */,
				04DE58F71D717D87003F44F1 /* Resources */,
				74BE06200EE6741F720ABB57 /* [CP] Embed Pods Frameworks */,
				F6302D38B6EC5BD31C48EDD3 /* [CP] Copy Pods Resources */,
			);
			buildRules = (
			);
			dependencies = (
			);
			name = BSBDJ;
			productName = BSBDJ;
			productReference = 04DE58F91D717D87003F44F1 /* BSBDJ.app */;
			productType = "com.apple.product-type.application";
		};
		04DE59111D717D88003F44F1 /* BSBDJTests */ = {
			isa = PBXNativeTarget;
			buildConfigurationList = 04DE59291D717D88003F44F1 /* Build configuration list for PBXNativeTarget "BSBDJTests" */;
			buildPhases = (
				59E4657878FB7BF2DA366D26 /* [CP] Check Pods Manifest.lock */,
				04DE590E1D717D88003F44F1 /* Sources */,
				04DE590F1D717D88003F44F1 /* Frameworks */,
				04DE59101D717D88003F44F1 /* Resources */,
				9B706D01BEEE0117396F5DDD /* [CP] Embed Pods Frameworks */,
				C615B20D0D9EF4D92C0207F7 /* [CP] Copy Pods Resources */,
			);
			buildRules = (
			);
			dependencies = (
				04DE59141D717D88003F44F1 /* PBXTargetDependency */,
			);
			name = BSBDJTests;
			productName = BSBDJTests;
			productReference = 04DE59121D717D88003F44F1 /* BSBDJTests.xctest */;
			productType = "com.apple.product-type.bundle.unit-test";
		};
		04DE591C1D717D88003F44F1 /* BSBDJUITests */ = {
			isa = PBXNativeTarget;
			buildConfigurationList = 04DE592C1D717D88003F44F1 /* Build configuration list for PBXNativeTarget "BSBDJUITests" */;
			buildPhases = (
				155B8FCC7F8B52CB8DF6BDDB /* [CP] Check Pods Manifest.lock */,
				04DE59191D717D88003F44F1 /* Sources */,
				04DE591A1D717D88003F44F1 /* Frameworks */,
				04DE591B1D717D88003F44F1 /* Resources */,
				64133517C56DF5711EDD5991 /* [CP] Copy Pods Resources */,
			);
			buildRules = (
			);
			dependencies = (
				04DE591F1D717D88003F44F1 /* PBXTargetDependency */,
			);
			name = BSBDJUITests;
			productName = BSBDJUITests;
			productReference = 04DE591D1D717D88003F44F1 /* BSBDJUITests.xctest */;
			productType = "com.apple.product-type.bundle.ui-testing";
		};
/* End PBXNativeTarget section */

/* Begin PBXProject section */
		04DE58F11D717D87003F44F1 /* Project object */ = {
			isa = PBXProject;
			attributes = {
				CLASSPREFIX = BS;
				LastUpgradeCheck = 0730;
				ORGANIZATIONNAME = shifei;
				TargetAttributes = {
					04DE58F81D717D87003F44F1 = {
						CreatedOnToolsVersion = 7.3.1;
					};
					04DE59111D717D88003F44F1 = {
						CreatedOnToolsVersion = 7.3.1;
						TestTargetID = 04DE58F81D717D87003F44F1;
					};
					04DE591C1D717D88003F44F1 = {
						CreatedOnToolsVersion = 7.3.1;
						TestTargetID = 04DE58F81D717D87003F44F1;
					};
				};
			};
			buildConfigurationList = 04DE58F41D717D87003F44F1 /* Build configuration list for PBXProject "BSBDJ" */;
			compatibilityVersion = "Xcode 3.2";
			developmentRegion = English;
			hasScannedForEncodings = 0;
			knownRegions = (
				en,
				Base,
			);
			mainGroup = 04DE58F01D717D87003F44F1;
			productRefGroup = 04DE58FA1D717D87003F44F1 /* Products */;
			projectDirPath = "";
			projectRoot = "";
			targets = (
				04DE58F81D717D87003F44F1 /* BSBDJ */,
				04DE59111D717D88003F44F1 /* BSBDJTests */,
				04DE591C1D717D88003F44F1 /* BSBDJUITests */,
			);
		};
/* End PBXProject section */

/* Begin PBXResourcesBuildPhase section */
		04DE58F71D717D87003F44F1 /* Resources */ = {
			isa = PBXResourcesBuildPhase;
			buildActionMask = 2147483647;
			files = (
				04DE59CB1D7294C2003F44F1 /* BSFriendTrendsViewController.xib in Resources */,
				04DE59F91D72C857003F44F1 /* BSRecommendController.xib in Resources */,
				04DE5A061D73D13F003F44F1 /* BSUserTableViewCell.xib in Resources */,
				04DE59FE1D732F1F003F44F1 /* BSCategoryCell.xib in Resources */,
				04DE59091D717D88003F44F1 /* Assets.xcassets in Resources */,
			);
			runOnlyForDeploymentPostprocessing = 0;
		};
		04DE59101D717D88003F44F1 /* Resources */ = {
			isa = PBXResourcesBuildPhase;
			buildActionMask = 2147483647;
			files = (
			);
			runOnlyForDeploymentPostprocessing = 0;
		};
		04DE591B1D717D88003F44F1 /* Resources */ = {
			isa = PBXResourcesBuildPhase;
			buildActionMask = 2147483647;
			files = (
			);
			runOnlyForDeploymentPostprocessing = 0;
		};
/* End PBXResourcesBuildPhase section */

/* Begin PBXShellScriptBuildPhase section */
		155B8FCC7F8B52CB8DF6BDDB /* [CP] Check Pods Manifest.lock */ = {
			isa = PBXShellScriptBuildPhase;
			buildActionMask = 2147483647;
			files = (
			);
			inputPaths = (
			);
			name = "[CP] Check Pods Manifest.lock";
			outputPaths = (
			);
			runOnlyForDeploymentPostprocessing = 0;
			shellPath = /bin/sh;
			shellScript = "diff \"${PODS_ROOT}/../Podfile.lock\" \"${PODS_ROOT}/Manifest.lock\" > /dev/null\nif [[ $? != 0 ]] ; then\n    cat << EOM\nerror: The sandbox is not in sync with the Podfile.lock. Run 'pod install' or update your CocoaPods installation.\nEOM\n    exit 1\nfi\n";
			showEnvVarsInLog = 0;
		};
		59E4657878FB7BF2DA366D26 /* [CP] Check Pods Manifest.lock */ = {
			isa = PBXShellScriptBuildPhase;
			buildActionMask = 2147483647;
			files = (
			);
			inputPaths = (
			);
			name = "[CP] Check Pods Manifest.lock";
			outputPaths = (
			);
			runOnlyForDeploymentPostprocessing = 0;
			shellPath = /bin/sh;
			shellScript = "diff \"${PODS_ROOT}/../Podfile.lock\" \"${PODS_ROOT}/Manifest.lock\" > /dev/null\nif [[ $? != 0 ]] ; then\n    cat << EOM\nerror: The sandbox is not in sync with the Podfile.lock. Run 'pod install' or update your CocoaPods installation.\nEOM\n    exit 1\nfi\n";
			showEnvVarsInLog = 0;
		};
		64133517C56DF5711EDD5991 /* [CP] Copy Pods Resources */ = {
			isa = PBXShellScriptBuildPhase;
			buildActionMask = 2147483647;
			files = (
			);
			inputPaths = (
			);
			name = "[CP] Copy Pods Resources";
			outputPaths = (
			);
			runOnlyForDeploymentPostprocessing = 0;
			shellPath = /bin/sh;
			shellScript = "\"${SRCROOT}/Pods/Target Support Files/Pods-BSBDJUITests/Pods-BSBDJUITests-resources.sh\"\n";
			showEnvVarsInLog = 0;
		};
		74BE06200EE6741F720ABB57 /* [CP] Embed Pods Frameworks */ = {
			isa = PBXShellScriptBuildPhase;
			buildActionMask = 2147483647;
			files = (
			);
			inputPaths = (
			);
			name = "[CP] Embed Pods Frameworks";
			outputPaths = (
			);
			runOnlyForDeploymentPostprocessing = 0;
			shellPath = /bin/sh;
			shellScript = "\"${SRCROOT}/Pods/Target Support Files/Pods-BSBDJ/Pods-BSBDJ-frameworks.sh\"\n";
			showEnvVarsInLog = 0;
		};
		9B706D01BEEE0117396F5DDD /* [CP] Embed Pods Frameworks */ = {
			isa = PBXShellScriptBuildPhase;
			buildActionMask = 2147483647;
			files = (
			);
			inputPaths = (
			);
			name = "[CP] Embed Pods Frameworks";
			outputPaths = (
			);
			runOnlyForDeploymentPostprocessing = 0;
			shellPath = /bin/sh;
			shellScript = "\"${SRCROOT}/Pods/Target Support Files/Pods-BSBDJTests/Pods-BSBDJTests-frameworks.sh\"\n";
			showEnvVarsInLog = 0;
		};
		A79915696DC4A7CFDF6AA709 /* [CP] Check Pods Manifest.lock */ = {
			isa = PBXShellScriptBuildPhase;
			buildActionMask = 2147483647;
			files = (
			);
			inputPaths = (
			);
			name = "[CP] Check Pods Manifest.lock";
			outputPaths = (
			);
			runOnlyForDeploymentPostprocessing = 0;
			shellPath = /bin/sh;
			shellScript = "diff \"${PODS_ROOT}/../Podfile.lock\" \"${PODS_ROOT}/Manifest.lock\" > /dev/null\nif [[ $? != 0 ]] ; then\n    cat << EOM\nerror: The sandbox is not in sync with the Podfile.lock. Run 'pod install' or update your CocoaPods installation.\nEOM\n    exit 1\nfi\n";
			showEnvVarsInLog = 0;
		};
		C615B20D0D9EF4D92C0207F7 /* [CP] Copy Pods Resources */ = {
			isa = PBXShellScriptBuildPhase;
			buildActionMask = 2147483647;
			files = (
			);
			inputPaths = (
			);
			name = "[CP] Copy Pods Resources";
			outputPaths = (
			);
			runOnlyForDeploymentPostprocessing = 0;
			shellPath = /bin/sh;
			shellScript = "\"${SRCROOT}/Pods/Target Support Files/Pods-BSBDJTests/Pods-BSBDJTests-resources.sh\"\n";
			showEnvVarsInLog = 0;
		};
		F6302D38B6EC5BD31C48EDD3 /* [CP] Copy Pods Resources */ = {
			isa = PBXShellScriptBuildPhase;
			buildActionMask = 2147483647;
			files = (
			);
			inputPaths = (
			);
			name = "[CP] Copy Pods Resources";
			outputPaths = (
			);
			runOnlyForDeploymentPostprocessing = 0;
			shellPath = /bin/sh;
			shellScript = "\"${SRCROOT}/Pods/Target Support Files/Pods-BSBDJ/Pods-BSBDJ-resources.sh\"\n";
			showEnvVarsInLog = 0;
		};
/* End PBXShellScriptBuildPhase section */

/* Begin PBXSourcesBuildPhase section */
		04DE58F51D717D87003F44F1 /* Sources */ = {
			isa = PBXSourcesBuildPhase;
			buildActionMask = 2147483647;
			files = (
				04DE59EA1D72AB6C003F44F1 /* UIImageView+SFSDWebImage.m in Sources */,
				04DE59C11D729318003F44F1 /* BSTabBar.m in Sources */,
				04DE59C01D729318003F44F1 /* BSTabBarViewController.m in Sources */,
				04DE5A0F1D745B96003F44F1 /* BSEssenceVideoController.m in Sources */,
				04DE5A151D745CE5003F44F1 /* BSEssenceVoiceController.m in Sources */,
				04DE59C21D729318003F44F1 /* BSMeViewController.m in Sources */,
				04DE5A0C1D745B77003F44F1 /* BSEssenceAllController.m in Sources */,
				04DE59011D717D88003F44F1 /* AppDelegate.m in Sources */,
				04DE59F41D72C706003F44F1 /* Foundation+Log.m in Sources */,
				04DE59FD1D732F1F003F44F1 /* BSCategoryCell.m in Sources */,
				04DE59E81D72AB6C003F44F1 /* SFBaseViewController.m in Sources */,
				04DE5A181D747146003F44F1 /* BSEssenceWordController.m in Sources */,
				04DE59C41D729318003F44F1 /* UIBarButtonItem+SFExtension.m in Sources */,
				04DE59E91D72AB6C003F44F1 /* SFHttpTools.m in Sources */,
				04DE59EB1D72AB6C003F44F1 /* UIView+Toast.m in Sources */,
				04DE59C91D729465003F44F1 /* BSNavViewController.m in Sources */,
				04DE5A091D73D413003F44F1 /* BSUserItem.m in Sources */,
				04DE5A121D745BAE003F44F1 /* BSEssenceImageController.m in Sources */,
				04DE59C61D729318003F44F1 /* BSPublishViewController.m in Sources */,
				04DE59C51D729318003F44F1 /* UIView+SFFrame.m in Sources */,
				04DE59BF1D729318003F44F1 /* BSFriendTrendsViewController.m in Sources */,
				04DE59F21D72BBA7003F44F1 /* BSRecommendController.m in Sources */,
				04DE59F71D72C79A003F44F1 /* BSRecommendItem.m in Sources */,
				04DE58FE1D717D88003F44F1 /* main.m in Sources */,
				04DE59C31D729318003F44F1 /* BSNewViewController.m in Sources */,
				04DE59BE1D729318003F44F1 /* BSEssenceViewController.m in Sources */,
				04DE5A051D73D13F003F44F1 /* BSUserTableViewCell.m in Sources */,
			);
			runOnlyForDeploymentPostprocessing = 0;
		};
		04DE590E1D717D88003F44F1 /* Sources */ = {
			isa = PBXSourcesBuildPhase;
			buildActionMask = 2147483647;
			files = (
				04DE59171D717D88003F44F1 /* BSBDJTests.m in Sources */,
			);
			runOnlyForDeploymentPostprocessing = 0;
		};
		04DE59191D717D88003F44F1 /* Sources */ = {
			isa = PBXSourcesBuildPhase;
			buildActionMask = 2147483647;
			files = (
				04DE59221D717D88003F44F1 /* BSBDJUITests.m in Sources */,
			);
			runOnlyForDeploymentPostprocessing = 0;
		};
/* End PBXSourcesBuildPhase section */

/* Begin PBXTargetDependency section */
		04DE59141D717D88003F44F1 /* PBXTargetDependency */ = {
			isa = PBXTargetDependency;
			target = 04DE58F81D717D87003F44F1 /* BSBDJ */;
			targetProxy = 04DE59131D717D88003F44F1 /* PBXContainerItemProxy */;
		};
		04DE591F1D717D88003F44F1 /* PBXTargetDependency */ = {
			isa = PBXTargetDependency;
			target = 04DE58F81D717D87003F44F1 /* BSBDJ */;
			targetProxy = 04DE591E1D717D88003F44F1 /* PBXContainerItemProxy */;
		};
/* End PBXTargetDependency section */

/* Begin XCBuildConfiguration section */
		04DE59241D717D88003F44F1 /* Debug */ = {
			isa = XCBuildConfiguration;
			buildSettings = {
				ALWAYS_SEARCH_USER_PATHS = NO;
				CLANG_ANALYZER_NONNULL = YES;
				CLANG_CXX_LANGUAGE_STANDARD = "gnu++0x";
				CLANG_CXX_LIBRARY = "libc++";
				CLANG_ENABLE_MODULES = YES;
				CLANG_ENABLE_OBJC_ARC = YES;
				CLANG_WARN_BOOL_CONVERSION = YES;
				CLANG_WARN_CONSTANT_CONVERSION = YES;
				CLANG_WARN_DIRECT_OBJC_ISA_USAGE = YES_ERROR;
				CLANG_WARN_EMPTY_BODY = YES;
				CLANG_WARN_ENUM_CONVERSION = YES;
				CLANG_WARN_INT_CONVERSION = YES;
				CLANG_WARN_OBJC_ROOT_CLASS = YES_ERROR;
				CLANG_WARN_UNREACHABLE_CODE = YES;
				CLANG_WARN__DUPLICATE_METHOD_MATCH = YES;
				"CODE_SIGN_IDENTITY[sdk=iphoneos*]" = "iPhone Developer";
				COPY_PHASE_STRIP = NO;
				DEBUG_INFORMATION_FORMAT = dwarf;
				ENABLE_STRICT_OBJC_MSGSEND = YES;
				ENABLE_TESTABILITY = YES;
				GCC_C_LANGUAGE_STANDARD = gnu99;
				GCC_DYNAMIC_NO_PIC = NO;
				GCC_NO_COMMON_BLOCKS = YES;
				GCC_OPTIMIZATION_LEVEL = 0;
				GCC_PREPROCESSOR_DEFINITIONS = (
					"DEBUG=1",
					"$(inherited)",
				);
				GCC_WARN_64_TO_32_BIT_CONVERSION = YES;
				GCC_WARN_ABOUT_RETURN_TYPE = YES_ERROR;
				GCC_WARN_UNDECLARED_SELECTOR = YES;
				GCC_WARN_UNINITIALIZED_AUTOS = YES_AGGRESSIVE;
				GCC_WARN_UNUSED_FUNCTION = YES;
				GCC_WARN_UNUSED_VARIABLE = YES;
				IPHONEOS_DEPLOYMENT_TARGET = 9.3;
				MTL_ENABLE_DEBUG_INFO = YES;
				ONLY_ACTIVE_ARCH = YES;
				SDKROOT = iphoneos;
			};
			name = Debug;
		};
		04DE59251D717D88003F44F1 /* Release */ = {
			isa = XCBuildConfiguration;
			buildSettings = {
				ALWAYS_SEARCH_USER_PATHS = NO;
				CLANG_ANALYZER_NONNULL = YES;
				CLANG_CXX_LANGUAGE_STANDARD = "gnu++0x";
				CLANG_CXX_LIBRARY = "libc++";
				CLANG_ENABLE_MODULES = YES;
				CLANG_ENABLE_OBJC_ARC = YES;
				CLANG_WARN_BOOL_CONVERSION = YES;
				CLANG_WARN_CONSTANT_CONVERSION = YES;
				CLANG_WARN_DIRECT_OBJC_ISA_USAGE = YES_ERROR;
				CLANG_WARN_EMPTY_BODY = YES;
				CLANG_WARN_ENUM_CONVERSION = YES;
				CLANG_WARN_INT_CONVERSION = YES;
				CLANG_WARN_OBJC_ROOT_CLASS = YES_ERROR;
				CLANG_WARN_UNREACHABLE_CODE = YES;
				CLANG_WARN__DUPLICATE_METHOD_MATCH = YES;
				"CODE_SIGN_IDENTITY[sdk=iphoneos*]" = "iPhone Developer";
				COPY_PHASE_STRIP = NO;
				DEBUG_INFORMATION_FORMAT = "dwarf-with-dsym";
				ENABLE_NS_ASSERTIONS = NO;
				ENABLE_STRICT_OBJC_MSGSEND = YES;
				GCC_C_LANGUAGE_STANDARD = gnu99;
				GCC_NO_COMMON_BLOCKS = YES;
				GCC_WARN_64_TO_32_BIT_CONVERSION = YES;
				GCC_WARN_ABOUT_RETURN_TYPE = YES_ERROR;
				GCC_WARN_UNDECLARED_SELECTOR = YES;
				GCC_WARN_UNINITIALIZED_AUTOS = YES_AGGRESSIVE;
				GCC_WARN_UNUSED_FUNCTION = YES;
				GCC_WARN_UNUSED_VARIABLE = YES;
				IPHONEOS_DEPLOYMENT_TARGET = 9.3;
				MTL_ENABLE_DEBUG_INFO = NO;
				SDKROOT = iphoneos;
				VALIDATE_PRODUCT = YES;
			};
			name = Release;
		};
		04DE59271D717D88003F44F1 /* Debug */ = {
			isa = XCBuildConfiguration;
			baseConfigurationReference = 9B26A2CD35684E8FBDA9F16F /* Pods-BSBDJ.debug.xcconfig */;
			buildSettings = {
				ASSETCATALOG_COMPILER_APPICON_NAME = AppIcon;
				ASSETCATALOG_COMPILER_LAUNCHIMAGE_NAME = "Brand Assets";
				GCC_PRECOMPILE_PREFIX_HEADER = YES;
				GCC_PREFIX_HEADER = BSBDJ/BSBDJ.pch;
				INFOPLIST_FILE = BSBDJ/Info.plist;
				LD_RUNPATH_SEARCH_PATHS = "$(inherited) @executable_path/Frameworks";
				PRODUCT_BUNDLE_IDENTIFIER = com.bjsxt.BSBDJ;
				PRODUCT_NAME = "$(TARGET_NAME)";
			};
			name = Debug;
		};
		04DE59281D717D88003F44F1 /* Release */ = {
			isa = XCBuildConfiguration;
			baseConfigurationReference = B42A52FF9ADB031A417F71FD /* Pods-BSBDJ.release.xcconfig */;
			buildSettings = {
				ASSETCATALOG_COMPILER_APPICON_NAME = AppIcon;
				ASSETCATALOG_COMPILER_LAUNCHIMAGE_NAME = "Brand Assets";
				GCC_PRECOMPILE_PREFIX_HEADER = YES;
				GCC_PREFIX_HEADER = BSBDJ/BSBDJ.pch;
				INFOPLIST_FILE = BSBDJ/Info.plist;
				LD_RUNPATH_SEARCH_PATHS = "$(inherited) @executable_path/Frameworks";
				PRODUCT_BUNDLE_IDENTIFIER = com.bjsxt.BSBDJ;
				PRODUCT_NAME = "$(TARGET_NAME)";
			};
			name = Release;
		};
		04DE592A1D717D88003F44F1 /* Debug */ = {
			isa = XCBuildConfiguration;
			baseConfigurationReference = 49901D1BDFAE4102B4D89356 /* Pods-BSBDJTests.debug.xcconfig */;
			buildSettings = {
				BUNDLE_LOADER = "$(TEST_HOST)";
				INFOPLIST_FILE = BSBDJTests/Info.plist;
				LD_RUNPATH_SEARCH_PATHS = "$(inherited) @executable_path/Frameworks @loader_path/Frameworks";
				PRODUCT_BUNDLE_IDENTIFIER = com.bjsxt.BSBDJTests;
				PRODUCT_NAME = "$(TARGET_NAME)";
				TEST_HOST = "$(BUILT_PRODUCTS_DIR)/BSBDJ.app/BSBDJ";
			};
			name = Debug;
		};
		04DE592B1D717D88003F44F1 /* Release */ = {
			isa = XCBuildConfiguration;
			baseConfigurationReference = 5B4A4EFA5EDCD863F84F0A48 /* Pods-BSBDJTests.release.xcconfig */;
			buildSettings = {
				BUNDLE_LOADER = "$(TEST_HOST)";
				INFOPLIST_FILE = BSBDJTests/Info.plist;
				LD_RUNPATH_SEARCH_PATHS = "$(inherited) @executable_path/Frameworks @loader_path/Frameworks";
				PRODUCT_BUNDLE_IDENTIFIER = com.bjsxt.BSBDJTests;
				PRODUCT_NAME = "$(TARGET_NAME)";
				TEST_HOST = "$(BUILT_PRODUCTS_DIR)/BSBDJ.app/BSBDJ";
			};
			name = Release;
		};
		04DE592D1D717D88003F44F1 /* Debug */ = {
			isa = XCBuildConfiguration;
			baseConfigurationReference = AF0B2AEFB4CC1964A8D9A3A7 /* Pods-BSBDJUITests.debug.xcconfig */;
			buildSettings = {
				INFOPLIST_FILE = BSBDJUITests/Info.plist;
				LD_RUNPATH_SEARCH_PATHS = "$(inherited) @executable_path/Frameworks @loader_path/Frameworks";
				PRODUCT_BUNDLE_IDENTIFIER = com.bjsxt.BSBDJUITests;
				PRODUCT_NAME = "$(TARGET_NAME)";
				TEST_TARGET_NAME = BSBDJ;
			};
			name = Debug;
		};
		04DE592E1D717D88003F44F1 /* Release */ = {
			isa = XCBuildConfiguration;
			baseConfigurationReference = F2C3404ED68EC12182DBB1AB /* Pods-BSBDJUITests.release.xcconfig */;
			buildSettings = {
				INFOPLIST_FILE = BSBDJUITests/Info.plist;
				LD_RUNPATH_SEARCH_PATHS = "$(inherited) @executable_path/Frameworks @loader_path/Frameworks";
				PRODUCT_BUNDLE_IDENTIFIER = com.bjsxt.BSBDJUITests;
				PRODUCT_NAME = "$(TARGET_NAME)";
				TEST_TARGET_NAME = BSBDJ;
			};
			name = Release;
		};
/* End XCBuildConfiguration section */

/* Begin XCConfigurationList section */
		04DE58F41D717D87003F44F1 /* Build configuration list for PBXProject "BSBDJ" */ = {
			isa = XCConfigurationList;
			buildConfigurations = (
				04DE59241D717D88003F44F1 /* Debug */,
				04DE59251D717D88003F44F1 /* Release */,
			);
			defaultConfigurationIsVisible = 0;
			defaultConfigurationName = Release;
		};
		04DE59261D717D88003F44F1 /* Build configuration list for PBXNativeTarget "BSBDJ" */ = {
			isa = XCConfigurationList;
			buildConfigurations = (
				04DE59271D717D88003F44F1 /* Debug */,
				04DE59281D717D88003F44F1 /* Release */,
			);
			defaultConfigurationIsVisible = 0;
			defaultConfigurationName = Release;
		};
		04DE59291D717D88003F44F1 /* Build configuration list for PBXNativeTarget "BSBDJTests" */ = {
			isa = XCConfigurationList;
			buildConfigurations = (
				04DE592A1D717D88003F44F1 /* Debug */,
				04DE592B1D717D88003F44F1 /* Release */,
			);
			defaultConfigurationIsVisible = 0;
			defaultConfigurationName = Release;
		};
		04DE592C1D717D88003F44F1 /* Build configuration list for PBXNativeTarget "BSBDJUITests" */ = {
			isa = XCConfigurationList;
			buildConfigurations = (
				04DE592D1D717D88003F44F1 /* Debug */,
				04DE592E1D717D88003F44F1 /* Release */,
			);
			defaultConfigurationIsVisible = 0;
			defaultConfigurationName = Release;
		};
/* End XCConfigurationList section */
	};
	rootObject = 04DE58F11D717D87003F44F1 /* Project object */;
}
